// !$*UTF8*$!
{
	archiveVersion = 1;
	classes = {
	};
	objectVersion = 46;
	objects = {

/* Begin PBXBuildFile section */
		D7B21088DAAB20DA280DD182 /* Pods_falconrypro.framework in Frameworks */ = {isa = PBXBuildFile; fileRef = B15045DAE0FFDE292FB29065 /* Pods_falconrypro.framework */; };
		DFBFC8248F3526A15DE9AB3F /* Pods_falconryproTests.framework in Frameworks */ = {isa = PBXBuildFile; fileRef = E5C3730AAC0E46D0A22F7AF1 /* Pods_falconryproTests.framework */; };
		F1026AAE1E9D818D00A89821 /* SDWLoginCoordinator.swift in Sources */ = {isa = PBXBuildFile; fileRef = F1026AAD1E9D818D00A89821 /* SDWLoginCoordinator.swift */; };
		F10417971ED5634C00D2F3B1 /* SDWFoodItemViewController.swift in Sources */ = {isa = PBXBuildFile; fileRef = F10417961ED5634C00D2F3B1 /* SDWFoodItemViewController.swift */; };
		F10417991ED563CF00D2F3B1 /* SDWFoodItemRow.swift in Sources */ = {isa = PBXBuildFile; fileRef = F10417981ED563CF00D2F3B1 /* SDWFoodItemRow.swift */; };
		F104179B1ED5C81100D2F3B1 /* SDWWeightItemViewController.swift in Sources */ = {isa = PBXBuildFile; fileRef = F104179A1ED5C81100D2F3B1 /* SDWWeightItemViewController.swift */; };
		F104179D1ED5C82D00D2F3B1 /* SDWWeightItemRow.swift in Sources */ = {isa = PBXBuildFile; fileRef = F104179C1ED5C82D00D2F3B1 /* SDWWeightItemRow.swift */; };
		F10E12FE1EBB417A0044802C /* SDWSeasonListViewController.swift in Sources */ = {isa = PBXBuildFile; fileRef = F10E12FD1EBB417A0044802C /* SDWSeasonListViewController.swift */; };
		F10E13001EBB418E0044802C /* SDWSeasonViewController.swift in Sources */ = {isa = PBXBuildFile; fileRef = F10E12FF1EBB418E0044802C /* SDWSeasonViewController.swift */; };
		F1140C701EE1F959006ABBBD /* CustomCells.swift in Sources */ = {isa = PBXBuildFile; fileRef = F1140C6F1EE1F959006ABBBD /* CustomCells.swift */; };
		F1140C721EE1FBE5006ABBBD /* SDWPinRow.swift in Sources */ = {isa = PBXBuildFile; fileRef = F1140C711EE1FBE5006ABBBD /* SDWPinRow.swift */; };
		F1140C741EE1FC67006ABBBD /* SDWPinViewController.swift in Sources */ = {isa = PBXBuildFile; fileRef = F1140C731EE1FC67006ABBBD /* SDWPinViewController.swift */; };
		F1140C771EE1FF40006ABBBD /* PinType+CoreDataClass.swift in Sources */ = {isa = PBXBuildFile; fileRef = F1140C751EE1FF40006ABBBD /* PinType+CoreDataClass.swift */; };
		F1140C781EE1FF40006ABBBD /* PinType+CoreDataProperties.swift in Sources */ = {isa = PBXBuildFile; fileRef = F1140C761EE1FF40006ABBBD /* PinType+CoreDataProperties.swift */; };
		F1140C7A1EE207F2006ABBBD /* FloatLabelTextField.swift in Sources */ = {isa = PBXBuildFile; fileRef = F1140C791EE207F2006ABBBD /* FloatLabelTextField.swift */; };
		F1140C7D1EE20B90006ABBBD /* SDWSettingsViewController.swift in Sources */ = {isa = PBXBuildFile; fileRef = F1140C7C1EE20B90006ABBBD /* SDWSettingsViewController.swift */; };
		F12550621EA2D034004122D4 /* SDWDiaryListViewController.swift in Sources */ = {isa = PBXBuildFile; fileRef = F12550611EA2D034004122D4 /* SDWDiaryListViewController.swift */; };
		F140C5E41EA149A10099C592 /* SDWBirdListTableViewCell.swift in Sources */ = {isa = PBXBuildFile; fileRef = F140C5E21EA149A10099C592 /* SDWBirdListTableViewCell.swift */; };
		F140C5E51EA149A10099C592 /* SDWBirdListTableViewCell.xib in Resources */ = {isa = PBXBuildFile; fileRef = F140C5E31EA149A10099C592 /* SDWBirdListTableViewCell.xib */; };
		F140C5E71EA2509C0099C592 /* SDWHomeTBC.swift in Sources */ = {isa = PBXBuildFile; fileRef = F140C5E61EA2509C0099C592 /* SDWHomeTBC.swift */; };
		F140C5E91EA25C6F0099C592 /* Extensions.swift in Sources */ = {isa = PBXBuildFile; fileRef = F140C5E81EA25C6F0099C592 /* Extensions.swift */; };
		F1559F5C1EE929C200F69EA6 /* SDWDiaryListSectionHeaderView.swift in Sources */ = {isa = PBXBuildFile; fileRef = F1559F5B1EE929C200F69EA6 /* SDWDiaryListSectionHeaderView.swift */; };
		F1559F5E1EE929D600F69EA6 /* SDWDiaryListSectionHeaderView.xib in Resources */ = {isa = PBXBuildFile; fileRef = F1559F5D1EE929D600F69EA6 /* SDWDiaryListSectionHeaderView.xib */; };
		F162E3AE1EDF40B100732195 /* SDWStatsListHeaderView.swift in Sources */ = {isa = PBXBuildFile; fileRef = F162E3AD1EDF40B100732195 /* SDWStatsListHeaderView.swift */; };
		F162E3B01EDF40C200732195 /* SDWStatsListHeaderView.xib in Resources */ = {isa = PBXBuildFile; fileRef = F162E3AF1EDF40C200732195 /* SDWStatsListHeaderView.xib */; };
		F162E3B41EDF772B00732195 /* SDWMapViewController.swift in Sources */ = {isa = PBXBuildFile; fileRef = F162E3B31EDF772B00732195 /* SDWMapViewController.swift */; };
		F162E3B61EDF7A4D00732195 /* SDWLocationManager.swift in Sources */ = {isa = PBXBuildFile; fileRef = F162E3B51EDF7A4D00732195 /* SDWLocationManager.swift */; };
		F162E3B91EDF9CB600732195 /* SDWPinItem+CoreDataClass.swift in Sources */ = {isa = PBXBuildFile; fileRef = F162E3B71EDF9CB600732195 /* SDWPinItem+CoreDataClass.swift */; };
		F162E3BA1EDF9CB600732195 /* SDWPinItem+CoreDataProperties.swift in Sources */ = {isa = PBXBuildFile; fileRef = F162E3B81EDF9CB600732195 /* SDWPinItem+CoreDataProperties.swift */; };
		F162E3BC1EE025A800732195 /* SDWStatDetailContainerViewController.swift in Sources */ = {isa = PBXBuildFile; fileRef = F162E3BB1EE025A800732195 /* SDWStatDetailContainerViewController.swift */; };
		F162E3BE1EE025F700732195 /* SDWStatChartViewController.swift in Sources */ = {isa = PBXBuildFile; fileRef = F162E3BD1EE025F700732195 /* SDWStatChartViewController.swift */; };
		F162E3C01EE03F8200732195 /* SDWChartDateValueFormatter.swift in Sources */ = {isa = PBXBuildFile; fileRef = F162E3BF1EE03F8200732195 /* SDWChartDateValueFormatter.swift */; };
		F19FEDC71EB380ED00996B40 /* searchable_push_row.swift in Sources */ = {isa = PBXBuildFile; fileRef = F19FEDC61EB380ED00996B40 /* searchable_push_row.swift */; };
		F1AD8B6F1E9E8835006B2EB1 /* SDWBirdsTableViewController.swift in Sources */ = {isa = PBXBuildFile; fileRef = F1AD8B6E1E9E8835006B2EB1 /* SDWBirdsTableViewController.swift */; };
		F1AD8B711E9EA18A006B2EB1 /* SDWBirdViewController.swift in Sources */ = {isa = PBXBuildFile; fileRef = F1AD8B701E9EA18A006B2EB1 /* SDWBirdViewController.swift */; };
		F1AD8B731E9EA518006B2EB1 /* DisplayModels.swift in Sources */ = {isa = PBXBuildFile; fileRef = F1AD8B721E9EA518006B2EB1 /* DisplayModels.swift */; };
		F1AD8B761EA0410B006B2EB1 /* Constants.swift in Sources */ = {isa = PBXBuildFile; fileRef = F1AD8B751EA0410B006B2EB1 /* Constants.swift */; };
		F1CB316D1EBFB590004C7342 /* NetworkManager.swift in Sources */ = {isa = PBXBuildFile; fileRef = F1CB316C1EBFB590004C7342 /* NetworkManager.swift */; };
		F1CB9CC51E9905C900A90363 /* AppDelegate.swift in Sources */ = {isa = PBXBuildFile; fileRef = F1CB9CC41E9905C900A90363 /* AppDelegate.swift */; };
		F1CB9CCA1E9905C900A90363 /* Main.storyboard in Resources */ = {isa = PBXBuildFile; fileRef = F1CB9CC81E9905C900A90363 /* Main.storyboard */; };
		F1CB9CCC1E9905C900A90363 /* Assets.xcassets in Resources */ = {isa = PBXBuildFile; fileRef = F1CB9CCB1E9905C900A90363 /* Assets.xcassets */; };
		F1CB9CCF1E9905C900A90363 /* LaunchScreen.storyboard in Resources */ = {isa = PBXBuildFile; fileRef = F1CB9CCD1E9905C900A90363 /* LaunchScreen.storyboard */; };
		F1CB9CDA1E9905C900A90363 /* falconryproTests.swift in Sources */ = {isa = PBXBuildFile; fileRef = F1CB9CD91E9905C900A90363 /* falconryproTests.swift */; };
		F1CB9CE51E9905C900A90363 /* falconryproUITests.swift in Sources */ = {isa = PBXBuildFile; fileRef = F1CB9CE41E9905C900A90363 /* falconryproUITests.swift */; };
		F1D2608D1EB3BF3E006D1BE9 /* SDWHomeViewController.swift in Sources */ = {isa = PBXBuildFile; fileRef = F1D2608C1EB3BF3E006D1BE9 /* SDWHomeViewController.swift */; };
		F1EE1F241EC5B70E00917993 /* SDWQuarryType+CoreDataClass.swift in Sources */ = {isa = PBXBuildFile; fileRef = F1EE1F221EC5B70E00917993 /* SDWQuarryType+CoreDataClass.swift */; };
		F1EE1F251EC5B70E00917993 /* SDWQuarryType+CoreDataProperties.swift in Sources */ = {isa = PBXBuildFile; fileRef = F1EE1F231EC5B70E00917993 /* SDWQuarryType+CoreDataProperties.swift */; };
		F1EF43A71EEC624600E0ABBA /* SDWDiaryListSectionFooterView.swift in Sources */ = {isa = PBXBuildFile; fileRef = F1EF43A61EEC624600E0ABBA /* SDWDiaryListSectionFooterView.swift */; };
		F1EF43A91EEC625300E0ABBA /* SDWDiaryListSectionFooterView.xib in Resources */ = {isa = PBXBuildFile; fileRef = F1EF43A81EEC625300E0ABBA /* SDWDiaryListSectionFooterView.xib */; };
		F1EF43AB1EEC64D600E0ABBA /* DottedLineView.swift in Sources */ = {isa = PBXBuildFile; fileRef = F1EF43AA1EEC64D600E0ABBA /* DottedLineView.swift */; };
		F1FA3A961EBFFE4300355507 /* DataModelManager.swift in Sources */ = {isa = PBXBuildFile; fileRef = F1FA3A951EBFFE4300355507 /* DataModelManager.swift */; };
		F1FA3AA21EC0863900355507 /* SDWDataStore.swift in Sources */ = {isa = PBXBuildFile; fileRef = F1FA3AA11EC0863900355507 /* SDWDataStore.swift */; };
		F1FA3AAF1EC0899800355507 /* SDWBirdType+CoreDataClass.swift in Sources */ = {isa = PBXBuildFile; fileRef = F1FA3AA31EC0899800355507 /* SDWBirdType+CoreDataClass.swift */; };
		F1FA3AB01EC0899800355507 /* SDWBirdType+CoreDataProperties.swift in Sources */ = {isa = PBXBuildFile; fileRef = F1FA3AA41EC0899800355507 /* SDWBirdType+CoreDataProperties.swift */; };
		F1FA3AB11EC0899800355507 /* SDWSeason+CoreDataClass.swift in Sources */ = {isa = PBXBuildFile; fileRef = F1FA3AA51EC0899800355507 /* SDWSeason+CoreDataClass.swift */; };
		F1FA3AB21EC0899800355507 /* SDWSeason+CoreDataProperties.swift in Sources */ = {isa = PBXBuildFile; fileRef = F1FA3AA61EC0899800355507 /* SDWSeason+CoreDataProperties.swift */; };
		F1FA3AB31EC0899800355507 /* SDWFood+CoreDataClass.swift in Sources */ = {isa = PBXBuildFile; fileRef = F1FA3AA71EC0899800355507 /* SDWFood+CoreDataClass.swift */; };
		F1FA3AB41EC0899800355507 /* SDWFood+CoreDataProperties.swift in Sources */ = {isa = PBXBuildFile; fileRef = F1FA3AA81EC0899800355507 /* SDWFood+CoreDataProperties.swift */; };
		F1FA3AB51EC0899800355507 /* SDWDiaryItem+CoreDataClass.swift in Sources */ = {isa = PBXBuildFile; fileRef = F1FA3AA91EC0899800355507 /* SDWDiaryItem+CoreDataClass.swift */; };
		F1FA3AB61EC0899800355507 /* SDWDiaryItem+CoreDataProperties.swift in Sources */ = {isa = PBXBuildFile; fileRef = F1FA3AAA1EC0899800355507 /* SDWDiaryItem+CoreDataProperties.swift */; };
		F1FA3AB71EC0899800355507 /* SDWUser+CoreDataClass.swift in Sources */ = {isa = PBXBuildFile; fileRef = F1FA3AAB1EC0899800355507 /* SDWUser+CoreDataClass.swift */; };
		F1FA3AB81EC0899800355507 /* SDWUser+CoreDataProperties.swift in Sources */ = {isa = PBXBuildFile; fileRef = F1FA3AAC1EC0899800355507 /* SDWUser+CoreDataProperties.swift */; };
		F1FA3AB91EC0899800355507 /* SDWBird+CoreDataClass.swift in Sources */ = {isa = PBXBuildFile; fileRef = F1FA3AAD1EC0899800355507 /* SDWBird+CoreDataClass.swift */; };
		F1FA3ABA1EC0899800355507 /* SDWBird+CoreDataProperties.swift in Sources */ = {isa = PBXBuildFile; fileRef = F1FA3AAE1EC0899800355507 /* SDWBird+CoreDataProperties.swift */; };
		F1FA3ABB1EC08C6700355507 /* DataModel.xcdatamodeld in Resources */ = {isa = PBXBuildFile; fileRef = F1FA3A9E1EC070FB00355507 /* DataModel.xcdatamodeld */; };
		F1FA3AE31EC0A4E100355507 /* Protocols.swift in Sources */ = {isa = PBXBuildFile; fileRef = F1FA3AE21EC0A4E100355507 /* Protocols.swift */; };
		F1FA3AE61EC0A5F900355507 /* SDWMapper.swift in Sources */ = {isa = PBXBuildFile; fileRef = F1FA3AE51EC0A5F900355507 /* SDWMapper.swift */; };
		F1FA3AE91EC0B55400355507 /* FEMAttribute+listsAttributes.m in Sources */ = {isa = PBXBuildFile; fileRef = F1FA3AE81EC0B55400355507 /* FEMAttribute+listsAttributes.m */; };
		F1FA3B0A1EC219E700355507 /* .gitkeep in Resources */ = {isa = PBXBuildFile; fileRef = F1FA3AEE1EC219E700355507 /* .gitkeep */; };
		F1FA3B0B1EC219E700355507 /* InitialViewController.xib in Resources */ = {isa = PBXBuildFile; fileRef = F1FA3AEF1EC219E700355507 /* InitialViewController.xib */; };
		F1FA3B0C1EC219E700355507 /* LoginViewController.xib in Resources */ = {isa = PBXBuildFile; fileRef = F1FA3AF01EC219E700355507 /* LoginViewController.xib */; };
		F1FA3B0D1EC219E700355507 /* Media.xcassets in Resources */ = {isa = PBXBuildFile; fileRef = F1FA3AF11EC219E700355507 /* Media.xcassets */; };
		F1FA3B0E1EC219E700355507 /* Montserrat-Light.otf in Resources */ = {isa = PBXBuildFile; fileRef = F1FA3AF21EC219E700355507 /* Montserrat-Light.otf */; };
		F1FA3B0F1EC219E700355507 /* Montserrat-Regular.ttf in Resources */ = {isa = PBXBuildFile; fileRef = F1FA3AF31EC219E700355507 /* Montserrat-Regular.ttf */; };
		F1FA3B101EC219E700355507 /* PasswordViewController.xib in Resources */ = {isa = PBXBuildFile; fileRef = F1FA3AF41EC219E700355507 /* PasswordViewController.xib */; };
		F1FA3B111EC219E700355507 /* SignupViewController.xib in Resources */ = {isa = PBXBuildFile; fileRef = F1FA3AF51EC219E700355507 /* SignupViewController.xib */; };
		F1FA3B121EC219E700355507 /* .gitkeep in Resources */ = {isa = PBXBuildFile; fileRef = F1FA3AF71EC219E700355507 /* .gitkeep */; };
		F1FA3B131EC219E700355507 /* BackgroundMover.swift in Sources */ = {isa = PBXBuildFile; fileRef = F1FA3AF81EC219E700355507 /* BackgroundMover.swift */; };
		F1FA3B141EC219E700355507 /* Buttn.swift in Sources */ = {isa = PBXBuildFile; fileRef = F1FA3AF91EC219E700355507 /* Buttn.swift */; };
		F1FA3B151EC219E700355507 /* CrossDissolveAnimation.swift in Sources */ = {isa = PBXBuildFile; fileRef = F1FA3AFA1EC219E700355507 /* CrossDissolveAnimation.swift */; };
		F1FA3B161EC219E700355507 /* FacebookService.swift in Sources */ = {isa = PBXBuildFile; fileRef = F1FA3AFB1EC219E700355507 /* FacebookService.swift */; };
		F1FA3B171EC219E700355507 /* GradientImageView.swift in Sources */ = {isa = PBXBuildFile; fileRef = F1FA3AFC1EC219E700355507 /* GradientImageView.swift */; };
		F1FA3B181EC219E700355507 /* InitialViewController.swift in Sources */ = {isa = PBXBuildFile; fileRef = F1FA3AFD1EC219E700355507 /* InitialViewController.swift */; };
		F1FA3B191EC219E700355507 /* KeyboardMover.swift in Sources */ = {isa = PBXBuildFile; fileRef = F1FA3AFE1EC219E700355507 /* KeyboardMover.swift */; };
		F1FA3B1A1EC219E700355507 /* LoginCoordinator.swift in Sources */ = {isa = PBXBuildFile; fileRef = F1FA3AFF1EC219E700355507 /* LoginCoordinator.swift */; };
		F1FA3B1B1EC219E700355507 /* LoginViewController.swift in Sources */ = {isa = PBXBuildFile; fileRef = F1FA3B001EC219E700355507 /* LoginViewController.swift */; };
		F1FA3B1C1EC219E700355507 /* PasswordViewController.swift in Sources */ = {isa = PBXBuildFile; fileRef = F1FA3B011EC219E700355507 /* PasswordViewController.swift */; };
		F1FA3B1D1EC219E700355507 /* SignupViewController.swift in Sources */ = {isa = PBXBuildFile; fileRef = F1FA3B021EC219E700355507 /* SignupViewController.swift */; };
		F1FA3B1E1EC219E700355507 /* SkyFloatingLabelTextField.swift in Sources */ = {isa = PBXBuildFile; fileRef = F1FA3B051EC219E700355507 /* SkyFloatingLabelTextField.swift */; };
		F1FA3B1F1EC219E700355507 /* SkyFloatingLabelTextFieldWithIcon.swift in Sources */ = {isa = PBXBuildFile; fileRef = F1FA3B061EC219E700355507 /* SkyFloatingLabelTextFieldWithIcon.swift */; };
		F1FA3B201EC219E700355507 /* UITextField+fixCaretPosition.swift in Sources */ = {isa = PBXBuildFile; fileRef = F1FA3B071EC219E700355507 /* UITextField+fixCaretPosition.swift */; };
		F1FA3B211EC219E700355507 /* UIViewController+Nib.swift in Sources */ = {isa = PBXBuildFile; fileRef = F1FA3B081EC219E700355507 /* UIViewController+Nib.swift */; };
		F1FA3B221EC219E700355507 /* ValidatorService.swift in Sources */ = {isa = PBXBuildFile; fileRef = F1FA3B091EC219E700355507 /* ValidatorService.swift */; };
		F1FA3B271EC3B8E600355507 /* SDWDiaryWeight+CoreDataClass.swift in Sources */ = {isa = PBXBuildFile; fileRef = F1FA3B231EC3B8E600355507 /* SDWDiaryWeight+CoreDataClass.swift */; };
		F1FA3B281EC3B8E600355507 /* SDWDiaryWeight+CoreDataProperties.swift in Sources */ = {isa = PBXBuildFile; fileRef = F1FA3B241EC3B8E600355507 /* SDWDiaryWeight+CoreDataProperties.swift */; };
		F1FA3B291EC3B8E600355507 /* SDWDiaryFood+CoreDataClass.swift in Sources */ = {isa = PBXBuildFile; fileRef = F1FA3B251EC3B8E600355507 /* SDWDiaryFood+CoreDataClass.swift */; };
		F1FA3B2A1EC3B8E600355507 /* SDWDiaryFood+CoreDataProperties.swift in Sources */ = {isa = PBXBuildFile; fileRef = F1FA3B261EC3B8E600355507 /* SDWDiaryFood+CoreDataProperties.swift */; };
		F1FA3B2E1EC43CEE00355507 /* SDWStatsViewController.swift in Sources */ = {isa = PBXBuildFile; fileRef = F1FA3B2D1EC43CEE00355507 /* SDWStatsViewController.swift */; };
		F1FA3B311EC43E5800355507 /* SDWStatsItemCell.swift in Sources */ = {isa = PBXBuildFile; fileRef = F1FA3B2F1EC43E5800355507 /* SDWStatsItemCell.swift */; };
		F1FA3B321EC43E5800355507 /* SDWStatsItemCell.xib in Resources */ = {isa = PBXBuildFile; fileRef = F1FA3B301EC43E5800355507 /* SDWStatsItemCell.xib */; };
		F1FBC21F1EB53AA900D57ED0 /* SDWDiaryItemViewController.swift in Sources */ = {isa = PBXBuildFile; fileRef = F1FBC21E1EB53AA900D57ED0 /* SDWDiaryItemViewController.swift */; };
		F1FBC2221EB54DA500D57ED0 /* SDWDiaryListTableViewCell.swift in Sources */ = {isa = PBXBuildFile; fileRef = F1FBC2201EB54DA400D57ED0 /* SDWDiaryListTableViewCell.swift */; };
		F1FBC2231EB54DA500D57ED0 /* SDWDiaryListTableViewCell.xib in Resources */ = {isa = PBXBuildFile; fileRef = F1FBC2211EB54DA400D57ED0 /* SDWDiaryListTableViewCell.xib */; };
		F2950879FA849E324918C5AA /* Pods_falconryproUITests.framework in Frameworks */ = {isa = PBXBuildFile; fileRef = ECFDFFD9EB6FBDB9478BE8F4 /* Pods_falconryproUITests.framework */; };
/* End PBXBuildFile section */

/* Begin PBXContainerItemProxy section */
		F1CB9CD61E9905C900A90363 /* PBXContainerItemProxy */ = {
			isa = PBXContainerItemProxy;
			containerPortal = F1CB9CB91E9905C900A90363 /* Project object */;
			proxyType = 1;
			remoteGlobalIDString = F1CB9CC01E9905C900A90363;
			remoteInfo = falconrypro;
		};
		F1CB9CE11E9905C900A90363 /* PBXContainerItemProxy */ = {
			isa = PBXContainerItemProxy;
			containerPortal = F1CB9CB91E9905C900A90363 /* Project object */;
			proxyType = 1;
			remoteGlobalIDString = F1CB9CC01E9905C900A90363;
			remoteInfo = falconrypro;
		};
/* End PBXContainerItemProxy section */

/* Begin PBXFileReference section */
		00AB4F7618D1F44996013ED6 /* Pods-falconryproUITests.debug.xcconfig */ = {isa = PBXFileReference; includeInIndex = 1; lastKnownFileType = text.xcconfig; name = "Pods-falconryproUITests.debug.xcconfig"; path = "Pods/Target Support Files/Pods-falconryproUITests/Pods-falconryproUITests.debug.xcconfig"; sourceTree = "<group>"; };
		2850813AAB1448043CED6643 /* Pods-falconryproTests.release.xcconfig */ = {isa = PBXFileReference; includeInIndex = 1; lastKnownFileType = text.xcconfig; name = "Pods-falconryproTests.release.xcconfig"; path = "Pods/Target Support Files/Pods-falconryproTests/Pods-falconryproTests.release.xcconfig"; sourceTree = "<group>"; };
		68E0ADEF20EABE87C48F934C /* Pods-falconryproTests.debug.xcconfig */ = {isa = PBXFileReference; includeInIndex = 1; lastKnownFileType = text.xcconfig; name = "Pods-falconryproTests.debug.xcconfig"; path = "Pods/Target Support Files/Pods-falconryproTests/Pods-falconryproTests.debug.xcconfig"; sourceTree = "<group>"; };
		70864FC200F14B0B54A28D62 /* Pods-falconryproUITests.release.xcconfig */ = {isa = PBXFileReference; includeInIndex = 1; lastKnownFileType = text.xcconfig; name = "Pods-falconryproUITests.release.xcconfig"; path = "Pods/Target Support Files/Pods-falconryproUITests/Pods-falconryproUITests.release.xcconfig"; sourceTree = "<group>"; };
		A73D7675904B829DCC5919B2 /* Pods-falconrypro.release.xcconfig */ = {isa = PBXFileReference; includeInIndex = 1; lastKnownFileType = text.xcconfig; name = "Pods-falconrypro.release.xcconfig"; path = "Pods/Target Support Files/Pods-falconrypro/Pods-falconrypro.release.xcconfig"; sourceTree = "<group>"; };
		AB873D0E87BC0AD9C1A3080A /* Pods-falconrypro.debug.xcconfig */ = {isa = PBXFileReference; includeInIndex = 1; lastKnownFileType = text.xcconfig; name = "Pods-falconrypro.debug.xcconfig"; path = "Pods/Target Support Files/Pods-falconrypro/Pods-falconrypro.debug.xcconfig"; sourceTree = "<group>"; };
		B15045DAE0FFDE292FB29065 /* Pods_falconrypro.framework */ = {isa = PBXFileReference; explicitFileType = wrapper.framework; includeInIndex = 0; path = Pods_falconrypro.framework; sourceTree = BUILT_PRODUCTS_DIR; };
		E5C3730AAC0E46D0A22F7AF1 /* Pods_falconryproTests.framework */ = {isa = PBXFileReference; explicitFileType = wrapper.framework; includeInIndex = 0; path = Pods_falconryproTests.framework; sourceTree = BUILT_PRODUCTS_DIR; };
		ECFDFFD9EB6FBDB9478BE8F4 /* Pods_falconryproUITests.framework */ = {isa = PBXFileReference; explicitFileType = wrapper.framework; includeInIndex = 0; path = Pods_falconryproUITests.framework; sourceTree = BUILT_PRODUCTS_DIR; };
		F1026AAD1E9D818D00A89821 /* SDWLoginCoordinator.swift */ = {isa = PBXFileReference; fileEncoding = 4; lastKnownFileType = sourcecode.swift; path = SDWLoginCoordinator.swift; sourceTree = "<group>"; };
		F10417961ED5634C00D2F3B1 /* SDWFoodItemViewController.swift */ = {isa = PBXFileReference; fileEncoding = 4; lastKnownFileType = sourcecode.swift; path = SDWFoodItemViewController.swift; sourceTree = "<group>"; };
		F10417981ED563CF00D2F3B1 /* SDWFoodItemRow.swift */ = {isa = PBXFileReference; fileEncoding = 4; lastKnownFileType = sourcecode.swift; path = SDWFoodItemRow.swift; sourceTree = "<group>"; };
		F104179A1ED5C81100D2F3B1 /* SDWWeightItemViewController.swift */ = {isa = PBXFileReference; fileEncoding = 4; lastKnownFileType = sourcecode.swift; path = SDWWeightItemViewController.swift; sourceTree = "<group>"; };
		F104179C1ED5C82D00D2F3B1 /* SDWWeightItemRow.swift */ = {isa = PBXFileReference; fileEncoding = 4; lastKnownFileType = sourcecode.swift; path = SDWWeightItemRow.swift; sourceTree = "<group>"; };
		F10E12FD1EBB417A0044802C /* SDWSeasonListViewController.swift */ = {isa = PBXFileReference; fileEncoding = 4; lastKnownFileType = sourcecode.swift; path = SDWSeasonListViewController.swift; sourceTree = "<group>"; };
		F10E12FF1EBB418E0044802C /* SDWSeasonViewController.swift */ = {isa = PBXFileReference; fileEncoding = 4; lastKnownFileType = sourcecode.swift; path = SDWSeasonViewController.swift; sourceTree = "<group>"; };
		F1140C6F1EE1F959006ABBBD /* CustomCells.swift */ = {isa = PBXFileReference; fileEncoding = 4; lastKnownFileType = sourcecode.swift; path = CustomCells.swift; sourceTree = "<group>"; };
		F1140C711EE1FBE5006ABBBD /* SDWPinRow.swift */ = {isa = PBXFileReference; fileEncoding = 4; lastKnownFileType = sourcecode.swift; path = SDWPinRow.swift; sourceTree = "<group>"; };
		F1140C731EE1FC67006ABBBD /* SDWPinViewController.swift */ = {isa = PBXFileReference; fileEncoding = 4; lastKnownFileType = sourcecode.swift; path = SDWPinViewController.swift; sourceTree = "<group>"; };
		F1140C751EE1FF40006ABBBD /* PinType+CoreDataClass.swift */ = {isa = PBXFileReference; fileEncoding = 4; lastKnownFileType = sourcecode.swift; path = "PinType+CoreDataClass.swift"; sourceTree = "<group>"; };
		F1140C761EE1FF40006ABBBD /* PinType+CoreDataProperties.swift */ = {isa = PBXFileReference; fileEncoding = 4; lastKnownFileType = sourcecode.swift; path = "PinType+CoreDataProperties.swift"; sourceTree = "<group>"; };
		F1140C791EE207F2006ABBBD /* FloatLabelTextField.swift */ = {isa = PBXFileReference; fileEncoding = 4; lastKnownFileType = sourcecode.swift; path = FloatLabelTextField.swift; sourceTree = "<group>"; };
		F1140C7C1EE20B90006ABBBD /* SDWSettingsViewController.swift */ = {isa = PBXFileReference; fileEncoding = 4; lastKnownFileType = sourcecode.swift; path = SDWSettingsViewController.swift; sourceTree = "<group>"; };
		F12550611EA2D034004122D4 /* SDWDiaryListViewController.swift */ = {isa = PBXFileReference; fileEncoding = 4; lastKnownFileType = sourcecode.swift; path = SDWDiaryListViewController.swift; sourceTree = "<group>"; };
		F140C5E21EA149A10099C592 /* SDWBirdListTableViewCell.swift */ = {isa = PBXFileReference; fileEncoding = 4; lastKnownFileType = sourcecode.swift; path = SDWBirdListTableViewCell.swift; sourceTree = "<group>"; };
		F140C5E31EA149A10099C592 /* SDWBirdListTableViewCell.xib */ = {isa = PBXFileReference; fileEncoding = 4; lastKnownFileType = file.xib; path = SDWBirdListTableViewCell.xib; sourceTree = "<group>"; };
		F140C5E61EA2509C0099C592 /* SDWHomeTBC.swift */ = {isa = PBXFileReference; fileEncoding = 4; lastKnownFileType = sourcecode.swift; path = SDWHomeTBC.swift; sourceTree = "<group>"; };
		F140C5E81EA25C6F0099C592 /* Extensions.swift */ = {isa = PBXFileReference; fileEncoding = 4; lastKnownFileType = sourcecode.swift; path = Extensions.swift; sourceTree = "<group>"; };
		F1559F5B1EE929C200F69EA6 /* SDWDiaryListSectionHeaderView.swift */ = {isa = PBXFileReference; fileEncoding = 4; lastKnownFileType = sourcecode.swift; path = SDWDiaryListSectionHeaderView.swift; sourceTree = "<group>"; };
		F1559F5D1EE929D600F69EA6 /* SDWDiaryListSectionHeaderView.xib */ = {isa = PBXFileReference; fileEncoding = 4; lastKnownFileType = file.xib; path = SDWDiaryListSectionHeaderView.xib; sourceTree = "<group>"; };
		F162E3AD1EDF40B100732195 /* SDWStatsListHeaderView.swift */ = {isa = PBXFileReference; fileEncoding = 4; lastKnownFileType = sourcecode.swift; path = SDWStatsListHeaderView.swift; sourceTree = "<group>"; };
		F162E3AF1EDF40C200732195 /* SDWStatsListHeaderView.xib */ = {isa = PBXFileReference; fileEncoding = 4; lastKnownFileType = file.xib; path = SDWStatsListHeaderView.xib; sourceTree = "<group>"; };
		F162E3B31EDF772B00732195 /* SDWMapViewController.swift */ = {isa = PBXFileReference; fileEncoding = 4; lastKnownFileType = sourcecode.swift; path = SDWMapViewController.swift; sourceTree = "<group>"; };
		F162E3B51EDF7A4D00732195 /* SDWLocationManager.swift */ = {isa = PBXFileReference; fileEncoding = 4; lastKnownFileType = sourcecode.swift; path = SDWLocationManager.swift; sourceTree = "<group>"; };
		F162E3B71EDF9CB600732195 /* SDWPinItem+CoreDataClass.swift */ = {isa = PBXFileReference; fileEncoding = 4; lastKnownFileType = sourcecode.swift; path = "SDWPinItem+CoreDataClass.swift"; sourceTree = "<group>"; };
		F162E3B81EDF9CB600732195 /* SDWPinItem+CoreDataProperties.swift */ = {isa = PBXFileReference; fileEncoding = 4; lastKnownFileType = sourcecode.swift; path = "SDWPinItem+CoreDataProperties.swift"; sourceTree = "<group>"; };
		F162E3BB1EE025A800732195 /* SDWStatDetailContainerViewController.swift */ = {isa = PBXFileReference; fileEncoding = 4; lastKnownFileType = sourcecode.swift; path = SDWStatDetailContainerViewController.swift; sourceTree = "<group>"; };
		F162E3BD1EE025F700732195 /* SDWStatChartViewController.swift */ = {isa = PBXFileReference; fileEncoding = 4; lastKnownFileType = sourcecode.swift; path = SDWStatChartViewController.swift; sourceTree = "<group>"; };
		F162E3BF1EE03F8200732195 /* SDWChartDateValueFormatter.swift */ = {isa = PBXFileReference; fileEncoding = 4; lastKnownFileType = sourcecode.swift; path = SDWChartDateValueFormatter.swift; sourceTree = "<group>"; };
		F19FEDC61EB380ED00996B40 /* searchable_push_row.swift */ = {isa = PBXFileReference; fileEncoding = 4; lastKnownFileType = sourcecode.swift; path = searchable_push_row.swift; sourceTree = "<group>"; };
		F1AD8B6E1E9E8835006B2EB1 /* SDWBirdsTableViewController.swift */ = {isa = PBXFileReference; fileEncoding = 4; lastKnownFileType = sourcecode.swift; path = SDWBirdsTableViewController.swift; sourceTree = "<group>"; };
		F1AD8B701E9EA18A006B2EB1 /* SDWBirdViewController.swift */ = {isa = PBXFileReference; fileEncoding = 4; lastKnownFileType = sourcecode.swift; path = SDWBirdViewController.swift; sourceTree = "<group>"; };
		F1AD8B721E9EA518006B2EB1 /* DisplayModels.swift */ = {isa = PBXFileReference; fileEncoding = 4; lastKnownFileType = sourcecode.swift; path = DisplayModels.swift; sourceTree = "<group>"; };
		F1AD8B751EA0410B006B2EB1 /* Constants.swift */ = {isa = PBXFileReference; fileEncoding = 4; lastKnownFileType = sourcecode.swift; path = Constants.swift; sourceTree = "<group>"; };
		F1CB316C1EBFB590004C7342 /* NetworkManager.swift */ = {isa = PBXFileReference; fileEncoding = 4; lastKnownFileType = sourcecode.swift; path = NetworkManager.swift; sourceTree = "<group>"; };
		F1CB9CC11E9905C900A90363 /* falconrypro.app */ = {isa = PBXFileReference; explicitFileType = wrapper.application; includeInIndex = 0; path = falconrypro.app; sourceTree = BUILT_PRODUCTS_DIR; };
		F1CB9CC41E9905C900A90363 /* AppDelegate.swift */ = {isa = PBXFileReference; lastKnownFileType = sourcecode.swift; path = AppDelegate.swift; sourceTree = "<group>"; };
		F1CB9CC91E9905C900A90363 /* Base */ = {isa = PBXFileReference; lastKnownFileType = file.storyboard; name = Base; path = Base.lproj/Main.storyboard; sourceTree = "<group>"; };
		F1CB9CCB1E9905C900A90363 /* Assets.xcassets */ = {isa = PBXFileReference; lastKnownFileType = folder.assetcatalog; path = Assets.xcassets; sourceTree = "<group>"; };
		F1CB9CCE1E9905C900A90363 /* Base */ = {isa = PBXFileReference; lastKnownFileType = file.storyboard; name = Base; path = Base.lproj/LaunchScreen.storyboard; sourceTree = "<group>"; };
		F1CB9CD01E9905C900A90363 /* Info.plist */ = {isa = PBXFileReference; lastKnownFileType = text.plist.xml; path = Info.plist; sourceTree = "<group>"; };
		F1CB9CD51E9905C900A90363 /* falconryproTests.xctest */ = {isa = PBXFileReference; explicitFileType = wrapper.cfbundle; includeInIndex = 0; path = falconryproTests.xctest; sourceTree = BUILT_PRODUCTS_DIR; };
		F1CB9CD91E9905C900A90363 /* falconryproTests.swift */ = {isa = PBXFileReference; lastKnownFileType = sourcecode.swift; path = falconryproTests.swift; sourceTree = "<group>"; };
		F1CB9CDB1E9905C900A90363 /* Info.plist */ = {isa = PBXFileReference; lastKnownFileType = text.plist.xml; path = Info.plist; sourceTree = "<group>"; };
		F1CB9CE01E9905C900A90363 /* falconryproUITests.xctest */ = {isa = PBXFileReference; explicitFileType = wrapper.cfbundle; includeInIndex = 0; path = falconryproUITests.xctest; sourceTree = BUILT_PRODUCTS_DIR; };
		F1CB9CE41E9905C900A90363 /* falconryproUITests.swift */ = {isa = PBXFileReference; lastKnownFileType = sourcecode.swift; path = falconryproUITests.swift; sourceTree = "<group>"; };
		F1CB9CE61E9905C900A90363 /* Info.plist */ = {isa = PBXFileReference; lastKnownFileType = text.plist.xml; path = Info.plist; sourceTree = "<group>"; };
		F1D2608C1EB3BF3E006D1BE9 /* SDWHomeViewController.swift */ = {isa = PBXFileReference; fileEncoding = 4; lastKnownFileType = sourcecode.swift; path = SDWHomeViewController.swift; sourceTree = "<group>"; };
		F1EE1F221EC5B70E00917993 /* SDWQuarryType+CoreDataClass.swift */ = {isa = PBXFileReference; fileEncoding = 4; lastKnownFileType = sourcecode.swift; path = "SDWQuarryType+CoreDataClass.swift"; sourceTree = "<group>"; };
		F1EE1F231EC5B70E00917993 /* SDWQuarryType+CoreDataProperties.swift */ = {isa = PBXFileReference; fileEncoding = 4; lastKnownFileType = sourcecode.swift; path = "SDWQuarryType+CoreDataProperties.swift"; sourceTree = "<group>"; };
		F1EF43A61EEC624600E0ABBA /* SDWDiaryListSectionFooterView.swift */ = {isa = PBXFileReference; fileEncoding = 4; lastKnownFileType = sourcecode.swift; path = SDWDiaryListSectionFooterView.swift; sourceTree = "<group>"; };
		F1EF43A81EEC625300E0ABBA /* SDWDiaryListSectionFooterView.xib */ = {isa = PBXFileReference; fileEncoding = 4; lastKnownFileType = file.xib; path = SDWDiaryListSectionFooterView.xib; sourceTree = "<group>"; };
		F1EF43AA1EEC64D600E0ABBA /* DottedLineView.swift */ = {isa = PBXFileReference; fileEncoding = 4; lastKnownFileType = sourcecode.swift; path = DottedLineView.swift; sourceTree = "<group>"; };
		F1FA3A951EBFFE4300355507 /* DataModelManager.swift */ = {isa = PBXFileReference; fileEncoding = 4; lastKnownFileType = sourcecode.swift; path = DataModelManager.swift; sourceTree = "<group>"; };
		F1FA3A9F1EC070FB00355507 /* DataModel.xcdatamodel */ = {isa = PBXFileReference; lastKnownFileType = wrapper.xcdatamodel; path = DataModel.xcdatamodel; sourceTree = "<group>"; };
		F1FA3AA11EC0863900355507 /* SDWDataStore.swift */ = {isa = PBXFileReference; fileEncoding = 4; lastKnownFileType = sourcecode.swift; path = SDWDataStore.swift; sourceTree = "<group>"; };
		F1FA3AA31EC0899800355507 /* SDWBirdType+CoreDataClass.swift */ = {isa = PBXFileReference; fileEncoding = 4; lastKnownFileType = sourcecode.swift; path = "SDWBirdType+CoreDataClass.swift"; sourceTree = "<group>"; };
		F1FA3AA41EC0899800355507 /* SDWBirdType+CoreDataProperties.swift */ = {isa = PBXFileReference; fileEncoding = 4; lastKnownFileType = sourcecode.swift; path = "SDWBirdType+CoreDataProperties.swift"; sourceTree = "<group>"; };
		F1FA3AA51EC0899800355507 /* SDWSeason+CoreDataClass.swift */ = {isa = PBXFileReference; fileEncoding = 4; lastKnownFileType = sourcecode.swift; path = "SDWSeason+CoreDataClass.swift"; sourceTree = "<group>"; };
		F1FA3AA61EC0899800355507 /* SDWSeason+CoreDataProperties.swift */ = {isa = PBXFileReference; fileEncoding = 4; lastKnownFileType = sourcecode.swift; path = "SDWSeason+CoreDataProperties.swift"; sourceTree = "<group>"; };
		F1FA3AA71EC0899800355507 /* SDWFood+CoreDataClass.swift */ = {isa = PBXFileReference; fileEncoding = 4; lastKnownFileType = sourcecode.swift; path = "SDWFood+CoreDataClass.swift"; sourceTree = "<group>"; };
		F1FA3AA81EC0899800355507 /* SDWFood+CoreDataProperties.swift */ = {isa = PBXFileReference; fileEncoding = 4; lastKnownFileType = sourcecode.swift; path = "SDWFood+CoreDataProperties.swift"; sourceTree = "<group>"; };
		F1FA3AA91EC0899800355507 /* SDWDiaryItem+CoreDataClass.swift */ = {isa = PBXFileReference; fileEncoding = 4; lastKnownFileType = sourcecode.swift; path = "SDWDiaryItem+CoreDataClass.swift"; sourceTree = "<group>"; };
		F1FA3AAA1EC0899800355507 /* SDWDiaryItem+CoreDataProperties.swift */ = {isa = PBXFileReference; fileEncoding = 4; lastKnownFileType = sourcecode.swift; path = "SDWDiaryItem+CoreDataProperties.swift"; sourceTree = "<group>"; };
		F1FA3AAB1EC0899800355507 /* SDWUser+CoreDataClass.swift */ = {isa = PBXFileReference; fileEncoding = 4; lastKnownFileType = sourcecode.swift; path = "SDWUser+CoreDataClass.swift"; sourceTree = "<group>"; };
		F1FA3AAC1EC0899800355507 /* SDWUser+CoreDataProperties.swift */ = {isa = PBXFileReference; fileEncoding = 4; lastKnownFileType = sourcecode.swift; path = "SDWUser+CoreDataProperties.swift"; sourceTree = "<group>"; };
		F1FA3AAD1EC0899800355507 /* SDWBird+CoreDataClass.swift */ = {isa = PBXFileReference; fileEncoding = 4; lastKnownFileType = sourcecode.swift; path = "SDWBird+CoreDataClass.swift"; sourceTree = "<group>"; };
		F1FA3AAE1EC0899800355507 /* SDWBird+CoreDataProperties.swift */ = {isa = PBXFileReference; fileEncoding = 4; lastKnownFileType = sourcecode.swift; path = "SDWBird+CoreDataProperties.swift"; sourceTree = "<group>"; };
		F1FA3AE21EC0A4E100355507 /* Protocols.swift */ = {isa = PBXFileReference; fileEncoding = 4; lastKnownFileType = sourcecode.swift; path = Protocols.swift; sourceTree = "<group>"; };
		F1FA3AE51EC0A5F900355507 /* SDWMapper.swift */ = {isa = PBXFileReference; fileEncoding = 4; lastKnownFileType = sourcecode.swift; path = SDWMapper.swift; sourceTree = "<group>"; };
		F1FA3AE71EC0B55400355507 /* FEMAttribute+listsAttributes.h */ = {isa = PBXFileReference; fileEncoding = 4; lastKnownFileType = sourcecode.c.h; path = "FEMAttribute+listsAttributes.h"; sourceTree = "<group>"; };
		F1FA3AE81EC0B55400355507 /* FEMAttribute+listsAttributes.m */ = {isa = PBXFileReference; fileEncoding = 4; lastKnownFileType = sourcecode.c.objc; path = "FEMAttribute+listsAttributes.m"; sourceTree = "<group>"; };
		F1FA3AEA1EC0B56D00355507 /* falconrypro-Bridging-Header.h */ = {isa = PBXFileReference; fileEncoding = 4; lastKnownFileType = sourcecode.c.h; path = "falconrypro-Bridging-Header.h"; sourceTree = "<group>"; };
		F1FA3AEE1EC219E700355507 /* .gitkeep */ = {isa = PBXFileReference; fileEncoding = 4; lastKnownFileType = text; path = .gitkeep; sourceTree = "<group>"; };
		F1FA3AEF1EC219E700355507 /* InitialViewController.xib */ = {isa = PBXFileReference; fileEncoding = 4; lastKnownFileType = file.xib; path = InitialViewController.xib; sourceTree = "<group>"; };
		F1FA3AF01EC219E700355507 /* LoginViewController.xib */ = {isa = PBXFileReference; fileEncoding = 4; lastKnownFileType = file.xib; path = LoginViewController.xib; sourceTree = "<group>"; };
		F1FA3AF11EC219E700355507 /* Media.xcassets */ = {isa = PBXFileReference; lastKnownFileType = folder.assetcatalog; path = Media.xcassets; sourceTree = "<group>"; };
		F1FA3AF21EC219E700355507 /* Montserrat-Light.otf */ = {isa = PBXFileReference; lastKnownFileType = file; path = "Montserrat-Light.otf"; sourceTree = "<group>"; };
		F1FA3AF31EC219E700355507 /* Montserrat-Regular.ttf */ = {isa = PBXFileReference; lastKnownFileType = file; path = "Montserrat-Regular.ttf"; sourceTree = "<group>"; };
		F1FA3AF41EC219E700355507 /* PasswordViewController.xib */ = {isa = PBXFileReference; fileEncoding = 4; lastKnownFileType = file.xib; path = PasswordViewController.xib; sourceTree = "<group>"; };
		F1FA3AF51EC219E700355507 /* SignupViewController.xib */ = {isa = PBXFileReference; fileEncoding = 4; lastKnownFileType = file.xib; path = SignupViewController.xib; sourceTree = "<group>"; };
		F1FA3AF71EC219E700355507 /* .gitkeep */ = {isa = PBXFileReference; fileEncoding = 4; lastKnownFileType = text; path = .gitkeep; sourceTree = "<group>"; };
		F1FA3AF81EC219E700355507 /* BackgroundMover.swift */ = {isa = PBXFileReference; fileEncoding = 4; lastKnownFileType = sourcecode.swift; path = BackgroundMover.swift; sourceTree = "<group>"; };
		F1FA3AF91EC219E700355507 /* Buttn.swift */ = {isa = PBXFileReference; fileEncoding = 4; lastKnownFileType = sourcecode.swift; path = Buttn.swift; sourceTree = "<group>"; };
		F1FA3AFA1EC219E700355507 /* CrossDissolveAnimation.swift */ = {isa = PBXFileReference; fileEncoding = 4; lastKnownFileType = sourcecode.swift; path = CrossDissolveAnimation.swift; sourceTree = "<group>"; };
		F1FA3AFB1EC219E700355507 /* FacebookService.swift */ = {isa = PBXFileReference; fileEncoding = 4; lastKnownFileType = sourcecode.swift; path = FacebookService.swift; sourceTree = "<group>"; };
		F1FA3AFC1EC219E700355507 /* GradientImageView.swift */ = {isa = PBXFileReference; fileEncoding = 4; lastKnownFileType = sourcecode.swift; path = GradientImageView.swift; sourceTree = "<group>"; };
		F1FA3AFD1EC219E700355507 /* InitialViewController.swift */ = {isa = PBXFileReference; fileEncoding = 4; lastKnownFileType = sourcecode.swift; path = InitialViewController.swift; sourceTree = "<group>"; };
		F1FA3AFE1EC219E700355507 /* KeyboardMover.swift */ = {isa = PBXFileReference; fileEncoding = 4; lastKnownFileType = sourcecode.swift; path = KeyboardMover.swift; sourceTree = "<group>"; };
		F1FA3AFF1EC219E700355507 /* LoginCoordinator.swift */ = {isa = PBXFileReference; fileEncoding = 4; lastKnownFileType = sourcecode.swift; path = LoginCoordinator.swift; sourceTree = "<group>"; };
		F1FA3B001EC219E700355507 /* LoginViewController.swift */ = {isa = PBXFileReference; fileEncoding = 4; lastKnownFileType = sourcecode.swift; path = LoginViewController.swift; sourceTree = "<group>"; };
		F1FA3B011EC219E700355507 /* PasswordViewController.swift */ = {isa = PBXFileReference; fileEncoding = 4; lastKnownFileType = sourcecode.swift; path = PasswordViewController.swift; sourceTree = "<group>"; };
		F1FA3B021EC219E700355507 /* SignupViewController.swift */ = {isa = PBXFileReference; fileEncoding = 4; lastKnownFileType = sourcecode.swift; path = SignupViewController.swift; sourceTree = "<group>"; };
		F1FA3B051EC219E700355507 /* SkyFloatingLabelTextField.swift */ = {isa = PBXFileReference; fileEncoding = 4; lastKnownFileType = sourcecode.swift; path = SkyFloatingLabelTextField.swift; sourceTree = "<group>"; };
		F1FA3B061EC219E700355507 /* SkyFloatingLabelTextFieldWithIcon.swift */ = {isa = PBXFileReference; fileEncoding = 4; lastKnownFileType = sourcecode.swift; path = SkyFloatingLabelTextFieldWithIcon.swift; sourceTree = "<group>"; };
		F1FA3B071EC219E700355507 /* UITextField+fixCaretPosition.swift */ = {isa = PBXFileReference; fileEncoding = 4; lastKnownFileType = sourcecode.swift; path = "UITextField+fixCaretPosition.swift"; sourceTree = "<group>"; };
		F1FA3B081EC219E700355507 /* UIViewController+Nib.swift */ = {isa = PBXFileReference; fileEncoding = 4; lastKnownFileType = sourcecode.swift; path = "UIViewController+Nib.swift"; sourceTree = "<group>"; };
		F1FA3B091EC219E700355507 /* ValidatorService.swift */ = {isa = PBXFileReference; fileEncoding = 4; lastKnownFileType = sourcecode.swift; path = ValidatorService.swift; sourceTree = "<group>"; };
		F1FA3B231EC3B8E600355507 /* SDWDiaryWeight+CoreDataClass.swift */ = {isa = PBXFileReference; fileEncoding = 4; lastKnownFileType = sourcecode.swift; path = "SDWDiaryWeight+CoreDataClass.swift"; sourceTree = "<group>"; };
		F1FA3B241EC3B8E600355507 /* SDWDiaryWeight+CoreDataProperties.swift */ = {isa = PBXFileReference; fileEncoding = 4; lastKnownFileType = sourcecode.swift; path = "SDWDiaryWeight+CoreDataProperties.swift"; sourceTree = "<group>"; };
		F1FA3B251EC3B8E600355507 /* SDWDiaryFood+CoreDataClass.swift */ = {isa = PBXFileReference; fileEncoding = 4; lastKnownFileType = sourcecode.swift; path = "SDWDiaryFood+CoreDataClass.swift"; sourceTree = "<group>"; };
		F1FA3B261EC3B8E600355507 /* SDWDiaryFood+CoreDataProperties.swift */ = {isa = PBXFileReference; fileEncoding = 4; lastKnownFileType = sourcecode.swift; path = "SDWDiaryFood+CoreDataProperties.swift"; sourceTree = "<group>"; };
		F1FA3B2D1EC43CEE00355507 /* SDWStatsViewController.swift */ = {isa = PBXFileReference; fileEncoding = 4; lastKnownFileType = sourcecode.swift; path = SDWStatsViewController.swift; sourceTree = "<group>"; };
		F1FA3B2F1EC43E5800355507 /* SDWStatsItemCell.swift */ = {isa = PBXFileReference; fileEncoding = 4; lastKnownFileType = sourcecode.swift; path = SDWStatsItemCell.swift; sourceTree = "<group>"; };
		F1FA3B301EC43E5800355507 /* SDWStatsItemCell.xib */ = {isa = PBXFileReference; fileEncoding = 4; lastKnownFileType = file.xib; path = SDWStatsItemCell.xib; sourceTree = "<group>"; };
		F1FBC21E1EB53AA900D57ED0 /* SDWDiaryItemViewController.swift */ = {isa = PBXFileReference; fileEncoding = 4; lastKnownFileType = sourcecode.swift; path = SDWDiaryItemViewController.swift; sourceTree = "<group>"; };
		F1FBC2201EB54DA400D57ED0 /* SDWDiaryListTableViewCell.swift */ = {isa = PBXFileReference; fileEncoding = 4; lastKnownFileType = sourcecode.swift; path = SDWDiaryListTableViewCell.swift; sourceTree = "<group>"; };
		F1FBC2211EB54DA400D57ED0 /* SDWDiaryListTableViewCell.xib */ = {isa = PBXFileReference; fileEncoding = 4; lastKnownFileType = file.xib; path = SDWDiaryListTableViewCell.xib; sourceTree = "<group>"; };
/* End PBXFileReference section */

/* Begin PBXFrameworksBuildPhase section */
		F1CB9CBE1E9905C900A90363 /* Frameworks */ = {
			isa = PBXFrameworksBuildPhase;
			buildActionMask = 2147483647;
			files = (
				D7B21088DAAB20DA280DD182 /* Pods_falconrypro.framework in Frameworks */,
			);
			runOnlyForDeploymentPostprocessing = 0;
		};
		F1CB9CD21E9905C900A90363 /* Frameworks */ = {
			isa = PBXFrameworksBuildPhase;
			buildActionMask = 2147483647;
			files = (
				DFBFC8248F3526A15DE9AB3F /* Pods_falconryproTests.framework in Frameworks */,
			);
			runOnlyForDeploymentPostprocessing = 0;
		};
		F1CB9CDD1E9905C900A90363 /* Frameworks */ = {
			isa = PBXFrameworksBuildPhase;
			buildActionMask = 2147483647;
			files = (
				F2950879FA849E324918C5AA /* Pods_falconryproUITests.framework in Frameworks */,
			);
			runOnlyForDeploymentPostprocessing = 0;
		};
/* End PBXFrameworksBuildPhase section */

/* Begin PBXGroup section */
		685F36DB00F61AD08F6853C7 /* Frameworks */ = {
			isa = PBXGroup;
			children = (
				B15045DAE0FFDE292FB29065 /* Pods_falconrypro.framework */,
				E5C3730AAC0E46D0A22F7AF1 /* Pods_falconryproTests.framework */,
				ECFDFFD9EB6FBDB9478BE8F4 /* Pods_falconryproUITests.framework */,
			);
			name = Frameworks;
			sourceTree = "<group>";
		};
		7A9490C7AC6E6D0C12682422 /* Pods */ = {
			isa = PBXGroup;
			children = (
				AB873D0E87BC0AD9C1A3080A /* Pods-falconrypro.debug.xcconfig */,
				A73D7675904B829DCC5919B2 /* Pods-falconrypro.release.xcconfig */,
				68E0ADEF20EABE87C48F934C /* Pods-falconryproTests.debug.xcconfig */,
				2850813AAB1448043CED6643 /* Pods-falconryproTests.release.xcconfig */,
				00AB4F7618D1F44996013ED6 /* Pods-falconryproUITests.debug.xcconfig */,
				70864FC200F14B0B54A28D62 /* Pods-falconryproUITests.release.xcconfig */,
			);
			name = Pods;
			sourceTree = "<group>";
		};
		F1140C7B1EE20B75006ABBBD /* Settings Flow */ = {
			isa = PBXGroup;
			children = (
				F1140C7C1EE20B90006ABBBD /* SDWSettingsViewController.swift */,
			);
			name = "Settings Flow";
			sourceTree = "<group>";
		};
		F162E3B21EDF771100732195 /* Map Flow */ = {
			isa = PBXGroup;
			children = (
				F162E3B31EDF772B00732195 /* SDWMapViewController.swift */,
			);
			name = "Map Flow";
			sourceTree = "<group>";
		};
		F1CB9CB81E9905C900A90363 = {
			isa = PBXGroup;
			children = (
				F1FA3AEA1EC0B56D00355507 /* falconrypro-Bridging-Header.h */,
				F1FA3AEB1EC219E700355507 /* Vendor */,
				F1CB9CC31E9905C900A90363 /* falconrypro */,
				F1CB9CD81E9905C900A90363 /* falconryproTests */,
				F1CB9CE31E9905C900A90363 /* falconryproUITests */,
				F1CB9CC21E9905C900A90363 /* Products */,
				7A9490C7AC6E6D0C12682422 /* Pods */,
				685F36DB00F61AD08F6853C7 /* Frameworks */,
			);
			sourceTree = "<group>";
		};
		F1CB9CC21E9905C900A90363 /* Products */ = {
			isa = PBXGroup;
			children = (
				F1CB9CC11E9905C900A90363 /* falconrypro.app */,
				F1CB9CD51E9905C900A90363 /* falconryproTests.xctest */,
				F1CB9CE01E9905C900A90363 /* falconryproUITests.xctest */,
			);
			name = Products;
			sourceTree = "<group>";
		};
		F1CB9CC31E9905C900A90363 /* falconrypro */ = {
			isa = PBXGroup;
			children = (
				F1140C7B1EE20B75006ABBBD /* Settings Flow */,
				F162E3B21EDF771100732195 /* Map Flow */,
				F1FA3B2C1EC43CC100355507 /* Stats Flow */,
				F1FA3AE41EC0A5D400355507 /* Mapping */,
				F1FA3AE11EC0A4C900355507 /* Protocols */,
				F1FA3ADF1EC094FF00355507 /* DisplayModel */,
				F1CB9CC41E9905C900A90363 /* AppDelegate.swift */,
				F1FA3A991EC0709D00355507 /* Utilities */,
				F1FA3A981EC0706B00355507 /* Setup Flow */,
				F1FA3A971EC0704A00355507 /* Diary Flow */,
				F1FA3A9D1EC070E400355507 /* DataModel */,
				F1FA3A9C1EC070D000355507 /* Managers */,
				F1FA3A9A1EC070BC00355507 /* Home Flow */,
				F1FA3A9B1EC070C600355507 /* Auth Flow */,
				F1CB9CC81E9905C900A90363 /* Main.storyboard */,
				F1CB9CCB1E9905C900A90363 /* Assets.xcassets */,
				F1CB9CCD1E9905C900A90363 /* LaunchScreen.storyboard */,
				F1CB9CD01E9905C900A90363 /* Info.plist */,
			);
			path = falconrypro;
			sourceTree = "<group>";
		};
		F1CB9CD81E9905C900A90363 /* falconryproTests */ = {
			isa = PBXGroup;
			children = (
				F1CB9CD91E9905C900A90363 /* falconryproTests.swift */,
				F1CB9CDB1E9905C900A90363 /* Info.plist */,
			);
			path = falconryproTests;
			sourceTree = "<group>";
		};
		F1CB9CE31E9905C900A90363 /* falconryproUITests */ = {
			isa = PBXGroup;
			children = (
				F1CB9CE41E9905C900A90363 /* falconryproUITests.swift */,
				F1CB9CE61E9905C900A90363 /* Info.plist */,
			);
			path = falconryproUITests;
			sourceTree = "<group>";
		};
		F1FA3A971EC0704A00355507 /* Diary Flow */ = {
			isa = PBXGroup;
			children = (
				F1140C6F1EE1F959006ABBBD /* CustomCells.swift */,
				F1FBC21E1EB53AA900D57ED0 /* SDWDiaryItemViewController.swift */,
				F10417961ED5634C00D2F3B1 /* SDWFoodItemViewController.swift */,
				F1140C731EE1FC67006ABBBD /* SDWPinViewController.swift */,
				F104179A1ED5C81100D2F3B1 /* SDWWeightItemViewController.swift */,
				F10417981ED563CF00D2F3B1 /* SDWFoodItemRow.swift */,
				F1140C711EE1FBE5006ABBBD /* SDWPinRow.swift */,
				F104179C1ED5C82D00D2F3B1 /* SDWWeightItemRow.swift */,
				F12550611EA2D034004122D4 /* SDWDiaryListViewController.swift */,
				F1559F5B1EE929C200F69EA6 /* SDWDiaryListSectionHeaderView.swift */,
				F1EF43A61EEC624600E0ABBA /* SDWDiaryListSectionFooterView.swift */,
				F1EF43A81EEC625300E0ABBA /* SDWDiaryListSectionFooterView.xib */,
				F1559F5D1EE929D600F69EA6 /* SDWDiaryListSectionHeaderView.xib */,
				F1FBC2201EB54DA400D57ED0 /* SDWDiaryListTableViewCell.swift */,
				F1FBC2211EB54DA400D57ED0 /* SDWDiaryListTableViewCell.xib */,
			);
			name = "Diary Flow";
			sourceTree = "<group>";
		};
		F1FA3A981EC0706B00355507 /* Setup Flow */ = {
			isa = PBXGroup;
			children = (
				F1AD8B6E1E9E8835006B2EB1 /* SDWBirdsTableViewController.swift */,
				F1AD8B701E9EA18A006B2EB1 /* SDWBirdViewController.swift */,
				F140C5E21EA149A10099C592 /* SDWBirdListTableViewCell.swift */,
				F10E12FD1EBB417A0044802C /* SDWSeasonListViewController.swift */,
				F10E12FF1EBB418E0044802C /* SDWSeasonViewController.swift */,
				F140C5E31EA149A10099C592 /* SDWBirdListTableViewCell.xib */,
			);
			name = "Setup Flow";
			sourceTree = "<group>";
		};
		F1FA3A991EC0709D00355507 /* Utilities */ = {
			isa = PBXGroup;
			children = (
				F1140C791EE207F2006ABBBD /* FloatLabelTextField.swift */,
				F140C5E81EA25C6F0099C592 /* Extensions.swift */,
				F162E3BF1EE03F8200732195 /* SDWChartDateValueFormatter.swift */,
				F1AD8B751EA0410B006B2EB1 /* Constants.swift */,
				F19FEDC61EB380ED00996B40 /* searchable_push_row.swift */,
			);
			name = Utilities;
			sourceTree = "<group>";
		};
		F1FA3A9A1EC070BC00355507 /* Home Flow */ = {
			isa = PBXGroup;
			children = (
				F140C5E61EA2509C0099C592 /* SDWHomeTBC.swift */,
				F1D2608C1EB3BF3E006D1BE9 /* SDWHomeViewController.swift */,
			);
			name = "Home Flow";
			sourceTree = "<group>";
		};
		F1FA3A9B1EC070C600355507 /* Auth Flow */ = {
			isa = PBXGroup;
			children = (
				F1026AAD1E9D818D00A89821 /* SDWLoginCoordinator.swift */,
			);
			name = "Auth Flow";
			sourceTree = "<group>";
		};
		F1FA3A9C1EC070D000355507 /* Managers */ = {
			isa = PBXGroup;
			children = (
				F1CB316C1EBFB590004C7342 /* NetworkManager.swift */,
				F162E3B51EDF7A4D00732195 /* SDWLocationManager.swift */,
				F1FA3AA11EC0863900355507 /* SDWDataStore.swift */,
				F1FA3A951EBFFE4300355507 /* DataModelManager.swift */,
			);
			name = Managers;
			sourceTree = "<group>";
		};
		F1FA3A9D1EC070E400355507 /* DataModel */ = {
			isa = PBXGroup;
			children = (
				F1140C751EE1FF40006ABBBD /* PinType+CoreDataClass.swift */,
				F1140C761EE1FF40006ABBBD /* PinType+CoreDataProperties.swift */,
				F162E3B71EDF9CB600732195 /* SDWPinItem+CoreDataClass.swift */,
				F162E3B81EDF9CB600732195 /* SDWPinItem+CoreDataProperties.swift */,
				F1EE1F221EC5B70E00917993 /* SDWQuarryType+CoreDataClass.swift */,
				F1EE1F231EC5B70E00917993 /* SDWQuarryType+CoreDataProperties.swift */,
				F1FA3B231EC3B8E600355507 /* SDWDiaryWeight+CoreDataClass.swift */,
				F1FA3B241EC3B8E600355507 /* SDWDiaryWeight+CoreDataProperties.swift */,
				F1FA3B251EC3B8E600355507 /* SDWDiaryFood+CoreDataClass.swift */,
				F1FA3B261EC3B8E600355507 /* SDWDiaryFood+CoreDataProperties.swift */,
				F1FA3AA31EC0899800355507 /* SDWBirdType+CoreDataClass.swift */,
				F1FA3AA41EC0899800355507 /* SDWBirdType+CoreDataProperties.swift */,
				F1FA3AA51EC0899800355507 /* SDWSeason+CoreDataClass.swift */,
				F1FA3AA61EC0899800355507 /* SDWSeason+CoreDataProperties.swift */,
				F1FA3AA71EC0899800355507 /* SDWFood+CoreDataClass.swift */,
				F1FA3AA81EC0899800355507 /* SDWFood+CoreDataProperties.swift */,
				F1FA3AA91EC0899800355507 /* SDWDiaryItem+CoreDataClass.swift */,
				F1FA3AAA1EC0899800355507 /* SDWDiaryItem+CoreDataProperties.swift */,
				F1FA3AAB1EC0899800355507 /* SDWUser+CoreDataClass.swift */,
				F1FA3AAC1EC0899800355507 /* SDWUser+CoreDataProperties.swift */,
				F1FA3AAD1EC0899800355507 /* SDWBird+CoreDataClass.swift */,
				F1FA3AAE1EC0899800355507 /* SDWBird+CoreDataProperties.swift */,
				F1FA3A9E1EC070FB00355507 /* DataModel.xcdatamodeld */,
			);
			name = DataModel;
			sourceTree = "<group>";
		};
		F1FA3ADF1EC094FF00355507 /* DisplayModel */ = {
			isa = PBXGroup;
			children = (
				F1AD8B721E9EA518006B2EB1 /* DisplayModels.swift */,
			);
			name = DisplayModel;
			sourceTree = "<group>";
		};
		F1FA3AE11EC0A4C900355507 /* Protocols */ = {
			isa = PBXGroup;
			children = (
				F1FA3AE21EC0A4E100355507 /* Protocols.swift */,
			);
			name = Protocols;
			sourceTree = "<group>";
		};
		F1FA3AE41EC0A5D400355507 /* Mapping */ = {
			isa = PBXGroup;
			children = (
				F1FA3AE71EC0B55400355507 /* FEMAttribute+listsAttributes.h */,
				F1FA3AE81EC0B55400355507 /* FEMAttribute+listsAttributes.m */,
				F1FA3AE51EC0A5F900355507 /* SDWMapper.swift */,
			);
			name = Mapping;
			sourceTree = "<group>";
		};
		F1FA3AEB1EC219E700355507 /* Vendor */ = {
			isa = PBXGroup;
			children = (
				F1EF43AA1EEC64D600E0ABBA /* DottedLineView.swift */,
				F1FA3AEC1EC219E700355507 /* LoginKit */,
			);
			path = Vendor;
			sourceTree = "<group>";
		};
		F1FA3AEC1EC219E700355507 /* LoginKit */ = {
			isa = PBXGroup;
			children = (
				F1FA3AED1EC219E700355507 /* Assets */,
				F1FA3AF61EC219E700355507 /* Classes */,
			);
			path = LoginKit;
			sourceTree = "<group>";
		};
		F1FA3AED1EC219E700355507 /* Assets */ = {
			isa = PBXGroup;
			children = (
				F1FA3AEE1EC219E700355507 /* .gitkeep */,
				F1FA3AEF1EC219E700355507 /* InitialViewController.xib */,
				F1FA3AF01EC219E700355507 /* LoginViewController.xib */,
				F1FA3AF11EC219E700355507 /* Media.xcassets */,
				F1FA3AF21EC219E700355507 /* Montserrat-Light.otf */,
				F1FA3AF31EC219E700355507 /* Montserrat-Regular.ttf */,
				F1FA3AF41EC219E700355507 /* PasswordViewController.xib */,
				F1FA3AF51EC219E700355507 /* SignupViewController.xib */,
			);
			path = Assets;
			sourceTree = "<group>";
		};
		F1FA3AF61EC219E700355507 /* Classes */ = {
			isa = PBXGroup;
			children = (
				F1FA3AF71EC219E700355507 /* .gitkeep */,
				F1FA3AF81EC219E700355507 /* BackgroundMover.swift */,
				F1FA3AF91EC219E700355507 /* Buttn.swift */,
				F1FA3AFA1EC219E700355507 /* CrossDissolveAnimation.swift */,
				F1FA3AFB1EC219E700355507 /* FacebookService.swift */,
				F1FA3AFC1EC219E700355507 /* GradientImageView.swift */,
				F1FA3AFD1EC219E700355507 /* InitialViewController.swift */,
				F1FA3AFE1EC219E700355507 /* KeyboardMover.swift */,
				F1FA3AFF1EC219E700355507 /* LoginCoordinator.swift */,
				F1FA3B001EC219E700355507 /* LoginViewController.swift */,
				F1FA3B011EC219E700355507 /* PasswordViewController.swift */,
				F1FA3B021EC219E700355507 /* SignupViewController.swift */,
				F1FA3B031EC219E700355507 /* Third Party */,
				F1FA3B081EC219E700355507 /* UIViewController+Nib.swift */,
				F1FA3B091EC219E700355507 /* ValidatorService.swift */,
			);
			path = Classes;
			sourceTree = "<group>";
		};
		F1FA3B031EC219E700355507 /* Third Party */ = {
			isa = PBXGroup;
			children = (
				F1FA3B041EC219E700355507 /* Skyscanner:SkyFloatingLabelTextField */,
			);
			path = "Third Party";
			sourceTree = "<group>";
		};
		F1FA3B041EC219E700355507 /* Skyscanner:SkyFloatingLabelTextField */ = {
			isa = PBXGroup;
			children = (
				F1FA3B051EC219E700355507 /* SkyFloatingLabelTextField.swift */,
				F1FA3B061EC219E700355507 /* SkyFloatingLabelTextFieldWithIcon.swift */,
				F1FA3B071EC219E700355507 /* UITextField+fixCaretPosition.swift */,
			);
			path = "Skyscanner:SkyFloatingLabelTextField";
			sourceTree = "<group>";
		};
		F1FA3B2C1EC43CC100355507 /* Stats Flow */ = {
			isa = PBXGroup;
			children = (
				F1FA3B2D1EC43CEE00355507 /* SDWStatsViewController.swift */,
				F162E3BB1EE025A800732195 /* SDWStatDetailContainerViewController.swift */,
				F162E3BD1EE025F700732195 /* SDWStatChartViewController.swift */,
				F162E3AD1EDF40B100732195 /* SDWStatsListHeaderView.swift */,
				F162E3AF1EDF40C200732195 /* SDWStatsListHeaderView.xib */,
				F1FA3B2F1EC43E5800355507 /* SDWStatsItemCell.swift */,
				F1FA3B301EC43E5800355507 /* SDWStatsItemCell.xib */,
			);
			name = "Stats Flow";
			sourceTree = "<group>";
		};
/* End PBXGroup section */

/* Begin PBXNativeTarget section */
		F1CB9CC01E9905C900A90363 /* falconrypro */ = {
			isa = PBXNativeTarget;
			buildConfigurationList = F1CB9CE91E9905C900A90363 /* Build configuration list for PBXNativeTarget "falconrypro" */;
			buildPhases = (
				8CF62F282151E37AAB5BCA62 /* [CP] Check Pods Manifest.lock */,
				F1CB9CBD1E9905C900A90363 /* Sources */,
				F1CB9CBE1E9905C900A90363 /* Frameworks */,
				F1CB9CBF1E9905C900A90363 /* Resources */,
				09466929528DD2AB19F81326 /* [CP] Embed Pods Frameworks */,
				18E08E185AD8406D7F7FD3DB /* [CP] Copy Pods Resources */,
				F1AD8B771EA04FE8006B2EB1 /* ShellScript */,
			);
			buildRules = (
			);
			dependencies = (
			);
			name = falconrypro;
			productName = falconrypro;
			productReference = F1CB9CC11E9905C900A90363 /* falconrypro.app */;
			productType = "com.apple.product-type.application";
		};
		F1CB9CD41E9905C900A90363 /* falconryproTests */ = {
			isa = PBXNativeTarget;
			buildConfigurationList = F1CB9CEC1E9905C900A90363 /* Build configuration list for PBXNativeTarget "falconryproTests" */;
			buildPhases = (
				9B50650D598CED7BE9255334 /* [CP] Check Pods Manifest.lock */,
				F1CB9CD11E9905C900A90363 /* Sources */,
				F1CB9CD21E9905C900A90363 /* Frameworks */,
				F1CB9CD31E9905C900A90363 /* Resources */,
				66BCCFF88A4454992D0867A5 /* [CP] Embed Pods Frameworks */,
				09A54D42CD6C6B71ED6DE291 /* [CP] Copy Pods Resources */,
			);
			buildRules = (
			);
			dependencies = (
				F1CB9CD71E9905C900A90363 /* PBXTargetDependency */,
			);
			name = falconryproTests;
			productName = falconryproTests;
			productReference = F1CB9CD51E9905C900A90363 /* falconryproTests.xctest */;
			productType = "com.apple.product-type.bundle.unit-test";
		};
		F1CB9CDF1E9905C900A90363 /* falconryproUITests */ = {
			isa = PBXNativeTarget;
			buildConfigurationList = F1CB9CEF1E9905C900A90363 /* Build configuration list for PBXNativeTarget "falconryproUITests" */;
			buildPhases = (
				D3C243DF39F1C91DEDF06469 /* [CP] Check Pods Manifest.lock */,
				F1CB9CDC1E9905C900A90363 /* Sources */,
				F1CB9CDD1E9905C900A90363 /* Frameworks */,
				F1CB9CDE1E9905C900A90363 /* Resources */,
				205164218DC27E90D41A057B /* [CP] Embed Pods Frameworks */,
				2AB4514ADB4F6E7FC4DDDE3B /* [CP] Copy Pods Resources */,
			);
			buildRules = (
			);
			dependencies = (
				F1CB9CE21E9905C900A90363 /* PBXTargetDependency */,
			);
			name = falconryproUITests;
			productName = falconryproUITests;
			productReference = F1CB9CE01E9905C900A90363 /* falconryproUITests.xctest */;
			productType = "com.apple.product-type.bundle.ui-testing";
		};
/* End PBXNativeTarget section */

/* Begin PBXProject section */
		F1CB9CB91E9905C900A90363 /* Project object */ = {
			isa = PBXProject;
			attributes = {
				LastSwiftUpdateCheck = 0830;
				LastUpgradeCheck = 0830;
				ORGANIZATIONNAME = SDWR;
				TargetAttributes = {
					F1CB9CC01E9905C900A90363 = {
						CreatedOnToolsVersion = 8.3.1;
						DevelopmentTeam = 43R88X5B35;
						ProvisioningStyle = Manual;
					};
					F1CB9CD41E9905C900A90363 = {
						CreatedOnToolsVersion = 8.3.1;
						DevelopmentTeam = 43R88X5B35;
						ProvisioningStyle = Automatic;
						TestTargetID = F1CB9CC01E9905C900A90363;
					};
					F1CB9CDF1E9905C900A90363 = {
						CreatedOnToolsVersion = 8.3.1;
						DevelopmentTeam = 43R88X5B35;
						ProvisioningStyle = Automatic;
						TestTargetID = F1CB9CC01E9905C900A90363;
					};
				};
			};
			buildConfigurationList = F1CB9CBC1E9905C900A90363 /* Build configuration list for PBXProject "falconrypro" */;
			compatibilityVersion = "Xcode 3.2";
			developmentRegion = English;
			hasScannedForEncodings = 0;
			knownRegions = (
				en,
				Base,
			);
			mainGroup = F1CB9CB81E9905C900A90363;
			productRefGroup = F1CB9CC21E9905C900A90363 /* Products */;
			projectDirPath = "";
			projectRoot = "";
			targets = (
				F1CB9CC01E9905C900A90363 /* falconrypro */,
				F1CB9CD41E9905C900A90363 /* falconryproTests */,
				F1CB9CDF1E9905C900A90363 /* falconryproUITests */,
			);
		};
/* End PBXProject section */

/* Begin PBXResourcesBuildPhase section */
		F1CB9CBF1E9905C900A90363 /* Resources */ = {
			isa = PBXResourcesBuildPhase;
			buildActionMask = 2147483647;
			files = (
				F1FA3B0F1EC219E700355507 /* Montserrat-Regular.ttf in Resources */,
				F1FA3B321EC43E5800355507 /* SDWStatsItemCell.xib in Resources */,
				F1559F5E1EE929D600F69EA6 /* SDWDiaryListSectionHeaderView.xib in Resources */,
				F1FA3B101EC219E700355507 /* PasswordViewController.xib in Resources */,
				F1FA3B0E1EC219E700355507 /* Montserrat-Light.otf in Resources */,
				F1FA3B0D1EC219E700355507 /* Media.xcassets in Resources */,
				F1FA3ABB1EC08C6700355507 /* DataModel.xcdatamodeld in Resources */,
				F1EF43A91EEC625300E0ABBA /* SDWDiaryListSectionFooterView.xib in Resources */,
				F1CB9CCF1E9905C900A90363 /* LaunchScreen.storyboard in Resources */,
				F1CB9CCC1E9905C900A90363 /* Assets.xcassets in Resources */,
				F1FA3B0B1EC219E700355507 /* InitialViewController.xib in Resources */,
				F1CB9CCA1E9905C900A90363 /* Main.storyboard in Resources */,
				F140C5E51EA149A10099C592 /* SDWBirdListTableViewCell.xib in Resources */,
				F162E3B01EDF40C200732195 /* SDWStatsListHeaderView.xib in Resources */,
				F1FBC2231EB54DA500D57ED0 /* SDWDiaryListTableViewCell.xib in Resources */,
				F1FA3B0A1EC219E700355507 /* .gitkeep in Resources */,
				F1FA3B121EC219E700355507 /* .gitkeep in Resources */,
				F1FA3B111EC219E700355507 /* SignupViewController.xib in Resources */,
				F1FA3B0C1EC219E700355507 /* LoginViewController.xib in Resources */,
			);
			runOnlyForDeploymentPostprocessing = 0;
		};
		F1CB9CD31E9905C900A90363 /* Resources */ = {
			isa = PBXResourcesBuildPhase;
			buildActionMask = 2147483647;
			files = (
			);
			runOnlyForDeploymentPostprocessing = 0;
		};
		F1CB9CDE1E9905C900A90363 /* Resources */ = {
			isa = PBXResourcesBuildPhase;
			buildActionMask = 2147483647;
			files = (
			);
			runOnlyForDeploymentPostprocessing = 0;
		};
/* End PBXResourcesBuildPhase section */

/* Begin PBXShellScriptBuildPhase section */
		09466929528DD2AB19F81326 /* [CP] Embed Pods Frameworks */ = {
			isa = PBXShellScriptBuildPhase;
			buildActionMask = 2147483647;
			files = (
			);
			inputPaths = (
			);
			name = "[CP] Embed Pods Frameworks";
			outputPaths = (
			);
			runOnlyForDeploymentPostprocessing = 0;
			shellPath = /bin/sh;
			shellScript = "\"${SRCROOT}/Pods/Target Support Files/Pods-falconrypro/Pods-falconrypro-frameworks.sh\"\n";
			showEnvVarsInLog = 0;
		};
		09A54D42CD6C6B71ED6DE291 /* [CP] Copy Pods Resources */ = {
			isa = PBXShellScriptBuildPhase;
			buildActionMask = 2147483647;
			files = (
			);
			inputPaths = (
			);
			name = "[CP] Copy Pods Resources";
			outputPaths = (
			);
			runOnlyForDeploymentPostprocessing = 0;
			shellPath = /bin/sh;
			shellScript = "\"${SRCROOT}/Pods/Target Support Files/Pods-falconryproTests/Pods-falconryproTests-resources.sh\"\n";
			showEnvVarsInLog = 0;
		};
		18E08E185AD8406D7F7FD3DB /* [CP] Copy Pods Resources */ = {
			isa = PBXShellScriptBuildPhase;
			buildActionMask = 2147483647;
			files = (
			);
			inputPaths = (
			);
			name = "[CP] Copy Pods Resources";
			outputPaths = (
			);
			runOnlyForDeploymentPostprocessing = 0;
			shellPath = /bin/sh;
			shellScript = "\"${SRCROOT}/Pods/Target Support Files/Pods-falconrypro/Pods-falconrypro-resources.sh\"\n";
			showEnvVarsInLog = 0;
		};
		205164218DC27E90D41A057B /* [CP] Embed Pods Frameworks */ = {
			isa = PBXShellScriptBuildPhase;
			buildActionMask = 2147483647;
			files = (
			);
			inputPaths = (
			);
			name = "[CP] Embed Pods Frameworks";
			outputPaths = (
			);
			runOnlyForDeploymentPostprocessing = 0;
			shellPath = /bin/sh;
			shellScript = "\"${SRCROOT}/Pods/Target Support Files/Pods-falconryproUITests/Pods-falconryproUITests-frameworks.sh\"\n";
			showEnvVarsInLog = 0;
		};
		2AB4514ADB4F6E7FC4DDDE3B /* [CP] Copy Pods Resources */ = {
			isa = PBXShellScriptBuildPhase;
			buildActionMask = 2147483647;
			files = (
			);
			inputPaths = (
			);
			name = "[CP] Copy Pods Resources";
			outputPaths = (
			);
			runOnlyForDeploymentPostprocessing = 0;
			shellPath = /bin/sh;
			shellScript = "\"${SRCROOT}/Pods/Target Support Files/Pods-falconryproUITests/Pods-falconryproUITests-resources.sh\"\n";
			showEnvVarsInLog = 0;
		};
		66BCCFF88A4454992D0867A5 /* [CP] Embed Pods Frameworks */ = {
			isa = PBXShellScriptBuildPhase;
			buildActionMask = 2147483647;
			files = (
			);
			inputPaths = (
			);
			name = "[CP] Embed Pods Frameworks";
			outputPaths = (
			);
			runOnlyForDeploymentPostprocessing = 0;
			shellPath = /bin/sh;
			shellScript = "\"${SRCROOT}/Pods/Target Support Files/Pods-falconryproTests/Pods-falconryproTests-frameworks.sh\"\n";
			showEnvVarsInLog = 0;
		};
		8CF62F282151E37AAB5BCA62 /* [CP] Check Pods Manifest.lock */ = {
			isa = PBXShellScriptBuildPhase;
			buildActionMask = 2147483647;
			files = (
			);
			inputPaths = (
			);
			name = "[CP] Check Pods Manifest.lock";
			outputPaths = (
			);
			runOnlyForDeploymentPostprocessing = 0;
			shellPath = /bin/sh;
			shellScript = "diff \"${PODS_PODFILE_DIR_PATH}/Podfile.lock\" \"${PODS_ROOT}/Manifest.lock\" > /dev/null\nif [ $? != 0 ] ; then\n    # print error to STDERR\n    echo \"error: The sandbox is not in sync with the Podfile.lock. Run 'pod install' or update your CocoaPods installation.\" >&2\n    exit 1\nfi\n";
			showEnvVarsInLog = 0;
		};
		9B50650D598CED7BE9255334 /* [CP] Check Pods Manifest.lock */ = {
			isa = PBXShellScriptBuildPhase;
			buildActionMask = 2147483647;
			files = (
			);
			inputPaths = (
			);
			name = "[CP] Check Pods Manifest.lock";
			outputPaths = (
			);
			runOnlyForDeploymentPostprocessing = 0;
			shellPath = /bin/sh;
			shellScript = "diff \"${PODS_PODFILE_DIR_PATH}/Podfile.lock\" \"${PODS_ROOT}/Manifest.lock\" > /dev/null\nif [ $? != 0 ] ; then\n    # print error to STDERR\n    echo \"error: The sandbox is not in sync with the Podfile.lock. Run 'pod install' or update your CocoaPods installation.\" >&2\n    exit 1\nfi\n";
			showEnvVarsInLog = 0;
		};
		D3C243DF39F1C91DEDF06469 /* [CP] Check Pods Manifest.lock */ = {
			isa = PBXShellScriptBuildPhase;
			buildActionMask = 2147483647;
			files = (
			);
			inputPaths = (
			);
			name = "[CP] Check Pods Manifest.lock";
			outputPaths = (
			);
			runOnlyForDeploymentPostprocessing = 0;
			shellPath = /bin/sh;
			shellScript = "diff \"${PODS_PODFILE_DIR_PATH}/Podfile.lock\" \"${PODS_ROOT}/Manifest.lock\" > /dev/null\nif [ $? != 0 ] ; then\n    # print error to STDERR\n    echo \"error: The sandbox is not in sync with the Podfile.lock. Run 'pod install' or update your CocoaPods installation.\" >&2\n    exit 1\nfi\n";
			showEnvVarsInLog = 0;
		};
		F1AD8B771EA04FE8006B2EB1 /* ShellScript */ = {
			isa = PBXShellScriptBuildPhase;
			buildActionMask = 2147483647;
			files = (
			);
			inputPaths = (
			);
			outputPaths = (
			);
			runOnlyForDeploymentPostprocessing = 0;
			shellPath = /bin/sh;
			shellScript = "\"${PODS_ROOT}/Fabric/run\" 7afe2a1f919e83706ec88df871b173b4faf5c453 3839a1107ea2065826d0f2cc6c1d95263dc301ca2f0209be3f35956a167721f1";
		};
/* End PBXShellScriptBuildPhase section */

/* Begin PBXSourcesBuildPhase section */
		F1CB9CBD1E9905C900A90363 /* Sources */ = {
			isa = PBXSourcesBuildPhase;
			buildActionMask = 2147483647;
			files = (
				F162E3B41EDF772B00732195 /* SDWMapViewController.swift in Sources */,
				F104179B1ED5C81100D2F3B1 /* SDWWeightItemViewController.swift in Sources */,
				F1FA3B131EC219E700355507 /* BackgroundMover.swift in Sources */,
				F1FA3AB41EC0899800355507 /* SDWFood+CoreDataProperties.swift in Sources */,
				F1AD8B711E9EA18A006B2EB1 /* SDWBirdViewController.swift in Sources */,
				F1140C771EE1FF40006ABBBD /* PinType+CoreDataClass.swift in Sources */,
				F10E12FE1EBB417A0044802C /* SDWSeasonListViewController.swift in Sources */,
				F1CB9CC51E9905C900A90363 /* AppDelegate.swift in Sources */,
				F1FA3B161EC219E700355507 /* FacebookService.swift in Sources */,
				F1FA3B221EC219E700355507 /* ValidatorService.swift in Sources */,
				F1026AAE1E9D818D00A89821 /* SDWLoginCoordinator.swift in Sources */,
				F1FA3AAF1EC0899800355507 /* SDWBirdType+CoreDataClass.swift in Sources */,
				F1AD8B761EA0410B006B2EB1 /* Constants.swift in Sources */,
				F140C5E91EA25C6F0099C592 /* Extensions.swift in Sources */,
				F1140C781EE1FF40006ABBBD /* PinType+CoreDataProperties.swift in Sources */,
				F1FA3AB91EC0899800355507 /* SDWBird+CoreDataClass.swift in Sources */,
				F1FA3B291EC3B8E600355507 /* SDWDiaryFood+CoreDataClass.swift in Sources */,
				F162E3B61EDF7A4D00732195 /* SDWLocationManager.swift in Sources */,
				F1FA3B191EC219E700355507 /* KeyboardMover.swift in Sources */,
				F162E3AE1EDF40B100732195 /* SDWStatsListHeaderView.swift in Sources */,
				F1AD8B6F1E9E8835006B2EB1 /* SDWBirdsTableViewController.swift in Sources */,
				F1FA3ABA1EC0899800355507 /* SDWBird+CoreDataProperties.swift in Sources */,
				F1EF43AB1EEC64D600E0ABBA /* DottedLineView.swift in Sources */,
				F1FA3AB61EC0899800355507 /* SDWDiaryItem+CoreDataProperties.swift in Sources */,
				F1FA3AB81EC0899800355507 /* SDWUser+CoreDataProperties.swift in Sources */,
				F1140C701EE1F959006ABBBD /* CustomCells.swift in Sources */,
				F162E3BE1EE025F700732195 /* SDWStatChartViewController.swift in Sources */,
				F1FA3B181EC219E700355507 /* InitialViewController.swift in Sources */,
				F1FA3B211EC219E700355507 /* UIViewController+Nib.swift in Sources */,
				F1FA3A961EBFFE4300355507 /* DataModelManager.swift in Sources */,
				F1FA3B201EC219E700355507 /* UITextField+fixCaretPosition.swift in Sources */,
				F1EF43A71EEC624600E0ABBA /* SDWDiaryListSectionFooterView.swift in Sources */,
				F1FA3AE91EC0B55400355507 /* FEMAttribute+listsAttributes.m in Sources */,
				F1FBC2221EB54DA500D57ED0 /* SDWDiaryListTableViewCell.swift in Sources */,
				F1FA3B2E1EC43CEE00355507 /* SDWStatsViewController.swift in Sources */,
				F162E3C01EE03F8200732195 /* SDWChartDateValueFormatter.swift in Sources */,
				F1FA3AE31EC0A4E100355507 /* Protocols.swift in Sources */,
				F1FA3AB71EC0899800355507 /* SDWUser+CoreDataClass.swift in Sources */,
				F1FBC21F1EB53AA900D57ED0 /* SDWDiaryItemViewController.swift in Sources */,
				F10417991ED563CF00D2F3B1 /* SDWFoodItemRow.swift in Sources */,
				F1FA3B271EC3B8E600355507 /* SDWDiaryWeight+CoreDataClass.swift in Sources */,
				F12550621EA2D034004122D4 /* SDWDiaryListViewController.swift in Sources */,
				F1CB316D1EBFB590004C7342 /* NetworkManager.swift in Sources */,
				F1FA3B1C1EC219E700355507 /* PasswordViewController.swift in Sources */,
				F1FA3AB31EC0899800355507 /* SDWFood+CoreDataClass.swift in Sources */,
				F1FA3B1D1EC219E700355507 /* SignupViewController.swift in Sources */,
				F1140C7D1EE20B90006ABBBD /* SDWSettingsViewController.swift in Sources */,
				F1FA3B1E1EC219E700355507 /* SkyFloatingLabelTextField.swift in Sources */,
				F1FA3AE61EC0A5F900355507 /* SDWMapper.swift in Sources */,
				F1FA3AB01EC0899800355507 /* SDWBirdType+CoreDataProperties.swift in Sources */,
				F1140C7A1EE207F2006ABBBD /* FloatLabelTextField.swift in Sources */,
				F19FEDC71EB380ED00996B40 /* searchable_push_row.swift in Sources */,
				F1D2608D1EB3BF3E006D1BE9 /* SDWHomeViewController.swift in Sources */,
				F1EE1F241EC5B70E00917993 /* SDWQuarryType+CoreDataClass.swift in Sources */,
				F162E3B91EDF9CB600732195 /* SDWPinItem+CoreDataClass.swift in Sources */,
				F104179D1ED5C82D00D2F3B1 /* SDWWeightItemRow.swift in Sources */,
				F1FA3B2A1EC3B8E600355507 /* SDWDiaryFood+CoreDataProperties.swift in Sources */,
				F1FA3B1A1EC219E700355507 /* LoginCoordinator.swift in Sources */,
				F1559F5C1EE929C200F69EA6 /* SDWDiaryListSectionHeaderView.swift in Sources */,
				F1FA3AA21EC0863900355507 /* SDWDataStore.swift in Sources */,
				F1FA3AB51EC0899800355507 /* SDWDiaryItem+CoreDataClass.swift in Sources */,
				F1EE1F251EC5B70E00917993 /* SDWQuarryType+CoreDataProperties.swift in Sources */,
				F1FA3B281EC3B8E600355507 /* SDWDiaryWeight+CoreDataProperties.swift in Sources */,
				F1AD8B731E9EA518006B2EB1 /* DisplayModels.swift in Sources */,
				F1FA3B1B1EC219E700355507 /* LoginViewController.swift in Sources */,
				F140C5E41EA149A10099C592 /* SDWBirdListTableViewCell.swift in Sources */,
				F1FA3B141EC219E700355507 /* Buttn.swift in Sources */,
				F1FA3B1F1EC219E700355507 /* SkyFloatingLabelTextFieldWithIcon.swift in Sources */,
				F1FA3AB21EC0899800355507 /* SDWSeason+CoreDataProperties.swift in Sources */,
				F162E3BA1EDF9CB600732195 /* SDWPinItem+CoreDataProperties.swift in Sources */,
				F162E3BC1EE025A800732195 /* SDWStatDetailContainerViewController.swift in Sources */,
				F1FA3AB11EC0899800355507 /* SDWSeason+CoreDataClass.swift in Sources */,
				F1FA3B151EC219E700355507 /* CrossDissolveAnimation.swift in Sources */,
				F10E13001EBB418E0044802C /* SDWSeasonViewController.swift in Sources */,
				F1140C741EE1FC67006ABBBD /* SDWPinViewController.swift in Sources */,
				F1FA3B311EC43E5800355507 /* SDWStatsItemCell.swift in Sources */,
				F10417971ED5634C00D2F3B1 /* SDWFoodItemViewController.swift in Sources */,
				F140C5E71EA2509C0099C592 /* SDWHomeTBC.swift in Sources */,
				F1FA3B171EC219E700355507 /* GradientImageView.swift in Sources */,
				F1140C721EE1FBE5006ABBBD /* SDWPinRow.swift in Sources */,
			);
			runOnlyForDeploymentPostprocessing = 0;
		};
		F1CB9CD11E9905C900A90363 /* Sources */ = {
			isa = PBXSourcesBuildPhase;
			buildActionMask = 2147483647;
			files = (
				F1CB9CDA1E9905C900A90363 /* falconryproTests.swift in Sources */,
			);
			runOnlyForDeploymentPostprocessing = 0;
		};
		F1CB9CDC1E9905C900A90363 /* Sources */ = {
			isa = PBXSourcesBuildPhase;
			buildActionMask = 2147483647;
			files = (
				F1CB9CE51E9905C900A90363 /* falconryproUITests.swift in Sources */,
			);
			runOnlyForDeploymentPostprocessing = 0;
		};
/* End PBXSourcesBuildPhase section */

/* Begin PBXTargetDependency section */
		F1CB9CD71E9905C900A90363 /* PBXTargetDependency */ = {
			isa = PBXTargetDependency;
			target = F1CB9CC01E9905C900A90363 /* falconrypro */;
			targetProxy = F1CB9CD61E9905C900A90363 /* PBXContainerItemProxy */;
		};
		F1CB9CE21E9905C900A90363 /* PBXTargetDependency */ = {
			isa = PBXTargetDependency;
			target = F1CB9CC01E9905C900A90363 /* falconrypro */;
			targetProxy = F1CB9CE11E9905C900A90363 /* PBXContainerItemProxy */;
		};
/* End PBXTargetDependency section */

/* Begin PBXVariantGroup section */
		F1CB9CC81E9905C900A90363 /* Main.storyboard */ = {
			isa = PBXVariantGroup;
			children = (
				F1CB9CC91E9905C900A90363 /* Base */,
			);
			name = Main.storyboard;
			sourceTree = "<group>";
		};
		F1CB9CCD1E9905C900A90363 /* LaunchScreen.storyboard */ = {
			isa = PBXVariantGroup;
			children = (
				F1CB9CCE1E9905C900A90363 /* Base */,
			);
			name = LaunchScreen.storyboard;
			sourceTree = "<group>";
		};
/* End PBXVariantGroup section */

/* Begin XCBuildConfiguration section */
		F1CB9CE71E9905C900A90363 /* Debug */ = {
			isa = XCBuildConfiguration;
			buildSettings = {
				ALWAYS_SEARCH_USER_PATHS = NO;
				CLANG_ANALYZER_NONNULL = YES;
				CLANG_ANALYZER_NUMBER_OBJECT_CONVERSION = YES_AGGRESSIVE;
				CLANG_CXX_LANGUAGE_STANDARD = "gnu++0x";
				CLANG_CXX_LIBRARY = "libc++";
				CLANG_ENABLE_MODULES = YES;
				CLANG_ENABLE_OBJC_ARC = YES;
				CLANG_WARN_BOOL_CONVERSION = YES;
				CLANG_WARN_CONSTANT_CONVERSION = YES;
				CLANG_WARN_DIRECT_OBJC_ISA_USAGE = YES_ERROR;
				CLANG_WARN_DOCUMENTATION_COMMENTS = YES;
				CLANG_WARN_EMPTY_BODY = YES;
				CLANG_WARN_ENUM_CONVERSION = YES;
				CLANG_WARN_INFINITE_RECURSION = YES;
				CLANG_WARN_INT_CONVERSION = YES;
				CLANG_WARN_OBJC_ROOT_CLASS = YES_ERROR;
				CLANG_WARN_SUSPICIOUS_MOVE = YES;
				CLANG_WARN_UNREACHABLE_CODE = YES;
				CLANG_WARN__DUPLICATE_METHOD_MATCH = YES;
				"CODE_SIGN_IDENTITY[sdk=iphoneos*]" = "iPhone Developer";
				COPY_PHASE_STRIP = NO;
				DEBUG_INFORMATION_FORMAT = dwarf;
				ENABLE_STRICT_OBJC_MSGSEND = YES;
				ENABLE_TESTABILITY = YES;
				GCC_C_LANGUAGE_STANDARD = gnu99;
				GCC_DYNAMIC_NO_PIC = NO;
				GCC_NO_COMMON_BLOCKS = YES;
				GCC_OPTIMIZATION_LEVEL = 0;
				GCC_PREPROCESSOR_DEFINITIONS = (
					"DEBUG=1",
					"$(inherited)",
				);
				GCC_WARN_64_TO_32_BIT_CONVERSION = YES;
				GCC_WARN_ABOUT_RETURN_TYPE = YES_ERROR;
				GCC_WARN_UNDECLARED_SELECTOR = YES;
				GCC_WARN_UNINITIALIZED_AUTOS = YES_AGGRESSIVE;
				GCC_WARN_UNUSED_FUNCTION = YES;
				GCC_WARN_UNUSED_VARIABLE = YES;
				IPHONEOS_DEPLOYMENT_TARGET = 10.3;
				MTL_ENABLE_DEBUG_INFO = YES;
				ONLY_ACTIVE_ARCH = YES;
				SDKROOT = iphoneos;
				SWIFT_ACTIVE_COMPILATION_CONDITIONS = DEBUG;
				SWIFT_OPTIMIZATION_LEVEL = "-Onone";
				TARGETED_DEVICE_FAMILY = "1,2";
			};
			name = Debug;
		};
		F1CB9CE81E9905C900A90363 /* Release */ = {
			isa = XCBuildConfiguration;
			buildSettings = {
				ALWAYS_SEARCH_USER_PATHS = NO;
				CLANG_ANALYZER_NONNULL = YES;
				CLANG_ANALYZER_NUMBER_OBJECT_CONVERSION = YES_AGGRESSIVE;
				CLANG_CXX_LANGUAGE_STANDARD = "gnu++0x";
				CLANG_CXX_LIBRARY = "libc++";
				CLANG_ENABLE_MODULES = YES;
				CLANG_ENABLE_OBJC_ARC = YES;
				CLANG_WARN_BOOL_CONVERSION = YES;
				CLANG_WARN_CONSTANT_CONVERSION = YES;
				CLANG_WARN_DIRECT_OBJC_ISA_USAGE = YES_ERROR;
				CLANG_WARN_DOCUMENTATION_COMMENTS = YES;
				CLANG_WARN_EMPTY_BODY = YES;
				CLANG_WARN_ENUM_CONVERSION = YES;
				CLANG_WARN_INFINITE_RECURSION = YES;
				CLANG_WARN_INT_CONVERSION = YES;
				CLANG_WARN_OBJC_ROOT_CLASS = YES_ERROR;
				CLANG_WARN_SUSPICIOUS_MOVE = YES;
				CLANG_WARN_UNREACHABLE_CODE = YES;
				CLANG_WARN__DUPLICATE_METHOD_MATCH = YES;
				"CODE_SIGN_IDENTITY[sdk=iphoneos*]" = "iPhone Developer";
				COPY_PHASE_STRIP = NO;
				DEBUG_INFORMATION_FORMAT = "dwarf-with-dsym";
				ENABLE_NS_ASSERTIONS = NO;
				ENABLE_STRICT_OBJC_MSGSEND = YES;
				GCC_C_LANGUAGE_STANDARD = gnu99;
				GCC_NO_COMMON_BLOCKS = YES;
				GCC_WARN_64_TO_32_BIT_CONVERSION = YES;
				GCC_WARN_ABOUT_RETURN_TYPE = YES_ERROR;
				GCC_WARN_UNDECLARED_SELECTOR = YES;
				GCC_WARN_UNINITIALIZED_AUTOS = YES_AGGRESSIVE;
				GCC_WARN_UNUSED_FUNCTION = YES;
				GCC_WARN_UNUSED_VARIABLE = YES;
				IPHONEOS_DEPLOYMENT_TARGET = 10.3;
				MTL_ENABLE_DEBUG_INFO = NO;
				SDKROOT = iphoneos;
				SWIFT_OPTIMIZATION_LEVEL = "-Owholemodule";
				TARGETED_DEVICE_FAMILY = "1,2";
				VALIDATE_PRODUCT = YES;
			};
			name = Release;
		};
		F1CB9CEA1E9905C900A90363 /* Debug */ = {
			isa = XCBuildConfiguration;
			baseConfigurationReference = AB873D0E87BC0AD9C1A3080A /* Pods-falconrypro.debug.xcconfig */;
			buildSettings = {
				ASSETCATALOG_COMPILER_APPICON_NAME = "AppIcon-4";
				"CODE_SIGN_IDENTITY[sdk=iphoneos*]" = "iPhone Distribution";
				DEVELOPMENT_TEAM = 43R88X5B35;
				INFOPLIST_FILE = falconrypro/Info.plist;
				IPHONEOS_DEPLOYMENT_TARGET = 10.2;
				LD_RUNPATH_SEARCH_PATHS = "$(inherited) @executable_path/Frameworks";
				PRODUCT_BUNDLE_IDENTIFIER = com.sdwr.falconrypro;
				PRODUCT_NAME = "$(TARGET_NAME)";
				PROVISIONING_PROFILE = "5af0b21d-8dfc-4b0e-a386-36e5c72163b7";
				PROVISIONING_PROFILE_SPECIFIER = "Falconry AdHoc";
				SWIFT_OBJC_BRIDGING_HEADER = "falconrypro-Bridging-Header.h";
				SWIFT_VERSION = 3.0;
				TARGETED_DEVICE_FAMILY = 1;
			};
			name = Debug;
		};
		F1CB9CEB1E9905C900A90363 /* Release */ = {
			isa = XCBuildConfiguration;
			baseConfigurationReference = A73D7675904B829DCC5919B2 /* Pods-falconrypro.release.xcconfig */;
			buildSettings = {
				ASSETCATALOG_COMPILER_APPICON_NAME = "AppIcon-4";
				"CODE_SIGN_IDENTITY[sdk=iphoneos*]" = "iPhone Distribution";
				DEVELOPMENT_TEAM = 43R88X5B35;
				INFOPLIST_FILE = falconrypro/Info.plist;
				IPHONEOS_DEPLOYMENT_TARGET = 10.2;
				LD_RUNPATH_SEARCH_PATHS = "$(inherited) @executable_path/Frameworks";
				PRODUCT_BUNDLE_IDENTIFIER = com.sdwr.falconrypro;
				PRODUCT_NAME = "$(TARGET_NAME)";
				PROVISIONING_PROFILE = "5af0b21d-8dfc-4b0e-a386-36e5c72163b7";
				PROVISIONING_PROFILE_SPECIFIER = "Falconry AdHoc";
				SWIFT_ACTIVE_COMPILATION_CONDITIONS = "\"-D\" \"PROD\"";
				SWIFT_OBJC_BRIDGING_HEADER = "falconrypro-Bridging-Header.h";
				SWIFT_VERSION = 3.0;
				TARGETED_DEVICE_FAMILY = 1;
			};
			name = Release;
		};
		F1CB9CED1E9905C900A90363 /* Debug */ = {
			isa = XCBuildConfiguration;
			baseConfigurationReference = 68E0ADEF20EABE87C48F934C /* Pods-falconryproTests.debug.xcconfig */;
			buildSettings = {
				ALWAYS_EMBED_SWIFT_STANDARD_LIBRARIES = YES;
				BUNDLE_LOADER = "$(TEST_HOST)";
				DEVELOPMENT_TEAM = 43R88X5B35;
				INFOPLIST_FILE = falconryproTests/Info.plist;
				LD_RUNPATH_SEARCH_PATHS = "$(inherited) @executable_path/Frameworks @loader_path/Frameworks";
				PRODUCT_BUNDLE_IDENTIFIER = com.sdwr.falconryproTests;
				PRODUCT_NAME = "$(TARGET_NAME)";
				SWIFT_VERSION = 3.0;
				TEST_HOST = "$(BUILT_PRODUCTS_DIR)/falconrypro.app/falconrypro";
			};
			name = Debug;
		};
		F1CB9CEE1E9905C900A90363 /* Release */ = {
			isa = XCBuildConfiguration;
			baseConfigurationReference = 2850813AAB1448043CED6643 /* Pods-falconryproTests.release.xcconfig */;
			buildSettings = {
				ALWAYS_EMBED_SWIFT_STANDARD_LIBRARIES = YES;
				BUNDLE_LOADER = "$(TEST_HOST)";
				DEVELOPMENT_TEAM = 43R88X5B35;
				INFOPLIST_FILE = falconryproTests/Info.plist;
				LD_RUNPATH_SEARCH_PATHS = "$(inherited) @executable_path/Frameworks @loader_path/Frameworks";
				PRODUCT_BUNDLE_IDENTIFIER = com.sdwr.falconryproTests;
				PRODUCT_NAME = "$(TARGET_NAME)";
				SWIFT_VERSION = 3.0;
				TEST_HOST = "$(BUILT_PRODUCTS_DIR)/falconrypro.app/falconrypro";
			};
			name = Release;
		};
		F1CB9CF01E9905C900A90363 /* Debug */ = {
			isa = XCBuildConfiguration;
			baseConfigurationReference = 00AB4F7618D1F44996013ED6 /* Pods-falconryproUITests.debug.xcconfig */;
			buildSettings = {
				ALWAYS_EMBED_SWIFT_STANDARD_LIBRARIES = YES;
				DEVELOPMENT_TEAM = 43R88X5B35;
				INFOPLIST_FILE = falconryproUITests/Info.plist;
				LD_RUNPATH_SEARCH_PATHS = "$(inherited) @executable_path/Frameworks @loader_path/Frameworks";
				PRODUCT_BUNDLE_IDENTIFIER = com.sdwr.falconryproUITests;
				PRODUCT_NAME = "$(TARGET_NAME)";
				SWIFT_VERSION = 3.0;
				TEST_TARGET_NAME = falconrypro;
			};
			name = Debug;
		};
		F1CB9CF11E9905C900A90363 /* Release */ = {
			isa = XCBuildConfiguration;
			baseConfigurationReference = 70864FC200F14B0B54A28D62 /* Pods-falconryproUITests.release.xcconfig */;
			buildSettings = {
				ALWAYS_EMBED_SWIFT_STANDARD_LIBRARIES = YES;
				DEVELOPMENT_TEAM = 43R88X5B35;
				INFOPLIST_FILE = falconryproUITests/Info.plist;
				LD_RUNPATH_SEARCH_PATHS = "$(inherited) @executable_path/Frameworks @loader_path/Frameworks";
				PRODUCT_BUNDLE_IDENTIFIER = com.sdwr.falconryproUITests;
				PRODUCT_NAME = "$(TARGET_NAME)";
				SWIFT_VERSION = 3.0;
				TEST_TARGET_NAME = falconrypro;
			};
			name = Release;
		};
/* End XCBuildConfiguration section */

/* Begin XCConfigurationList section */
		F1CB9CBC1E9905C900A90363 /* Build configuration list for PBXProject "falconrypro" */ = {
			isa = XCConfigurationList;
			buildConfigurations = (
				F1CB9CE71E9905C900A90363 /* Debug */,
				F1CB9CE81E9905C900A90363 /* Release */,
			);
			defaultConfigurationIsVisible = 0;
			defaultConfigurationName = Release;
		};
		F1CB9CE91E9905C900A90363 /* Build configuration list for PBXNativeTarget "falconrypro" */ = {
			isa = XCConfigurationList;
			buildConfigurations = (
				F1CB9CEA1E9905C900A90363 /* Debug */,
				F1CB9CEB1E9905C900A90363 /* Release */,
			);
			defaultConfigurationIsVisible = 0;
			defaultConfigurationName = Release;
		};
		F1CB9CEC1E9905C900A90363 /* Build configuration list for PBXNativeTarget "falconryproTests" */ = {
			isa = XCConfigurationList;
			buildConfigurations = (
				F1CB9CED1E9905C900A90363 /* Debug */,
				F1CB9CEE1E9905C900A90363 /* Release */,
			);
			defaultConfigurationIsVisible = 0;
			defaultConfigurationName = Release;
		};
		F1CB9CEF1E9905C900A90363 /* Build configuration list for PBXNativeTarget "falconryproUITests" */ = {
			isa = XCConfigurationList;
			buildConfigurations = (
				F1CB9CF01E9905C900A90363 /* Debug */,
				F1CB9CF11E9905C900A90363 /* Release */,
			);
			defaultConfigurationIsVisible = 0;
			defaultConfigurationName = Release;
		};
/* End XCConfigurationList section */

/* Begin XCVersionGroup section */
		F1FA3A9E1EC070FB00355507 /* DataModel.xcdatamodeld */ = {
			isa = XCVersionGroup;
			children = (
				F1FA3A9F1EC070FB00355507 /* DataModel.xcdatamodel */,
			);
			currentVersion = F1FA3A9F1EC070FB00355507 /* DataModel.xcdatamodel */;
			path = DataModel.xcdatamodeld;
			sourceTree = "<group>";
			versionGroupType = wrapper.xcdatamodel;
		};
/* End XCVersionGroup section */
	};
	rootObject = F1CB9CB91E9905C900A90363 /* Project object */;
}
