PODS:
  - Bolts (1.8.4):
    - Bolts/AppLinks (= 1.8.4)
    - Bolts/Tasks (= 1.8.4)
  - Bolts/AppLinks (1.8.4):
    - Bolts/Tasks
  - Bolts/Tasks (1.8.4)
  - FBSDKCoreKit (4.21.0):
    - Bolts (~> 1.7)
  - FBSDKLoginKit (4.18.0):
    - FBSDKCoreKit
  - ILLoginKit (0.1.0):
    - FBSDKLoginKit (= 4.18.0)
    - Validator (~> 2.1.1)
  - Networking (3.0.3)
  - PKHUD (4.2.1)
  - Validator (2.1.1)

DEPENDENCIES:
  - ILLoginKit
  - Networking
  - PKHUD (~> 4.0)

SPEC CHECKSUMS:
  Bolts: 8a7995239dbe724f9cba2248b766d48b7ebdd322
  FBSDKCoreKit: 8a372ab194b5c7c26355c1920ef52dbeb44bc222
  FBSDKLoginKit: 6773073e970b2b15fb12e451ce7f11da0532b880
  ILLoginKit: ff473712662d92448553967d412ba201e61fbad0
  Networking: e2c42013296d093e4249f8247acb08e36958a11a
  PKHUD: 957ce2a68b3c97a51839b30216120c1dbc0c3a78
  Validator: b1793fbfd0046097551d0edd18e2c30792d69ef5

PODFILE CHECKSUM: 12615ba153930dd91b92cec5d46dacc6127cfc37

COCOAPODS: 1.2.1
