PODS:
  - AIFlatSwitch (1.0.6)
  - BadgeSwift (8.0.0)
  - Charts (3.3.0):
    - Charts/Core (= 3.3.0)
  - Charts/Core (3.3.0)
  - CHTCollectionViewWaterfallLayout/Swift (0.9.7)
  - Crashlytics (3.12.0):
    - Fabric (~> 1.9.0)
  - Eureka (5.3.1)
  - Fabric (1.9.0)
  - FastEasyMapping (1.2.2)
  - FBSDKCoreKit (5.0.0):
    - FBSDKCoreKit/Basics (= 5.0.0)
    - FBSDKCoreKit/Core (= 5.0.0)
  - FBSDKCoreKit/Basics (5.0.0)
  - FBSDKCoreKit/Core (5.0.0):
    - FBSDKCoreKit/Basics
  - FBSDKLoginKit (5.0.0):
    - FBSDKCoreKit (= 5.0.0)
  - ImageRow (4.0.0):
    - Eureka (~> 5.0)
  - JBKenBurnsView (1.0)
  - Mapbox-iOS-SDK (4.10.0)
  - Networking (5.0.0)
  - PKHUD (5.2.1)
  - pop (1.0.12)
  - PureLayout (3.1.4)
  - SDWebImage (4.4.6):
    - SDWebImage/Core (= 4.4.6)
  - SDWebImage/Core (4.4.6)
  - Solar (2.1.0)
  - SwiftDate (6.0.2)
  - SwiftLocation (4.0.1)
  - SwiftRichString (3.0.0)
  - SwipeCellKit (2.5.4)
  - TagListView (1.4.0)
  - UICountingLabel (1.4.1)
  - UIEmptyState (4.0.1)
  - Validator (3.1.1)

DEPENDENCIES:
  - AIFlatSwitch (~> 1.0.6)
  - BadgeSwift (~> 8.0)
  - Charts (~> 3.3)
  - CHTCollectionViewWaterfallLayout/Swift
  - Crashlytics
  - Fabric
  - FastEasyMapping (~> 1.2)
  - FBSDKLoginKit (~> 5.0)
  - ImageRow (~> 4.0)
  - JBKenBurnsView
  - Mapbox-iOS-SDK (~> 4.10)
  - Networking
  - PKHUD (~> 5.0)
  - pop (~> 1.0)
  - PureLayout
  - SDWebImage (~> 4.0)
  - Solar
  - SwiftDate (~> 6.0)
  - SwiftLocation (~> 4.0)
  - SwiftRichString
  - SwipeCellKit (= 2.5.4)
  - TagListView (~> 1.0)
  - UICountingLabel
  - UIEmptyState
  - Validator

SPEC REPOS:
  https://github.com/cocoapods/specs.git:
    - AIFlatSwitch
    - BadgeSwift
    - Charts
    - CHTCollectionViewWaterfallLayout
    - Crashlytics
    - Eureka
    - Fabric
    - FastEasyMapping
    - FBSDKCoreKit
    - FBSDKLoginKit
    - ImageRow
    - JBKenBurnsView
    - Mapbox-iOS-SDK
    - Networking
    - PKHUD
    - pop
    - PureLayout
    - SDWebImage
    - Solar
    - SwiftDate
    - SwiftLocation
    - SwiftRichString
    - SwipeCellKit
    - TagListView
    - UICountingLabel
    - UIEmptyState
    - Validator

SPEC CHECKSUMS:
  AIFlatSwitch: b1965ccd826c3ea7566f6bebda19562d131ec2b7
  BadgeSwift: a81547ffde1f462bb5fc02e3fa3fdcbc1b888354
  Charts: e0dd4cd8f257bccf98407b58183ddca8e8d5b578
  CHTCollectionViewWaterfallLayout: 9d11068fafecac106695bb5a5d6d0f738483b598
  Crashlytics: a33af323773f73904037dc2e684cd2f0d29f4fe2
  Eureka: 859877ab1e85661b6b7e810015d430e937d9cc7d
  Fabric: 09ef2d9b99b104702bede1acaf469fb8f20a9146
  FastEasyMapping: cc13aa6608aeb171bc0ea895876434a7328a153a
  FBSDKCoreKit: ba361d4a9d4dc29ff218822b849b22d4f869c7bb
  FBSDKLoginKit: c6d0dc187bd076e370dffa10f7fc8a3562a6892c
  ImageRow: e65b2e1a33f89062bf2a553a2aad61d975eb7428
  JBKenBurnsView: e40d10fcd4fbeb652c29fa431d4748780a4672ff
  Mapbox-iOS-SDK: 8b1b777de7de373cdf000994c91af101ef886477
  Networking: 8ced5868ab2b5cf0fcc1d3657bf9bb589ae2fe91
  PKHUD: 4e6162c4c39ac367c6934e9855c6b4762ee16256
  pop: d582054913807fd11fd50bfe6a539d91c7e1a55a
  PureLayout: f08c01b8dec00bb14a1fefa3de4c7d9c265df85e
  SDWebImage: 3f3f0c02f09798048c47a5ed0a13f17b063572d8
  Solar: 2dc6e7cc39186cb0c8228fa08df76fb50c7d8f24
  SwiftDate: bbed9b23bfec599bd62b9a305afc554f7bd0eb6f
  SwiftLocation: f6e3abae66b071c4b84a5f323dda7687d4f0b333
  SwiftRichString: 5cb4860df3dc8e4d9087d7b948b210177342c3da
  SwipeCellKit: 4eada3884ab1bbae5e8d2fb9030c242aa23d7f42
  TagListView: 987b0bdbb16cd9d9e7c0e2ec32aff37ecba8b173
  UICountingLabel: faf890b505d96312e324a86718f031fafffb0ccb
  UIEmptyState: 767376694d9402452fb3c0a5a5283176c6a53c92
  Validator: b34ab17a8fffd0c1ffd8f9002ead4d1e02cd9e6e

PODFILE CHECKSUM: 96ad4f40a338a9e22321cebf1d70c74186730cbc

COCOAPODS: 1.7.5
